// !$*UTF8*$!
{
	archiveVersion = 1;
	classes = {
	};
	objectVersion = 56;
	objects = {

/* Begin PBXBuildFile section */
		0650E25C14207B6941E876DD /* Pods_dxTimeCapsule.framework in Frameworks */ = {isa = PBXBuildFile; fileRef = 9E53E63672B22459B20786B7 /* Pods_dxTimeCapsule.framework */; };
		1F0854152B8EF4F400711660 /* TestLoginViewController.swift in Sources */ = {isa = PBXBuildFile; fileRef = 1F0854142B8EF4F400711660 /* TestLoginViewController.swift */; };
		1F0854172B8F091500711660 /* GoogleService-Info.plist in Resources */ = {isa = PBXBuildFile; fileRef = 1F0854162B8F091500711660 /* GoogleService-Info.plist */; };
		1F0854322B8F254B00711660 /* MainCapsuleViewController.swift in Sources */ = {isa = PBXBuildFile; fileRef = 1F0854312B8F254B00711660 /* MainCapsuleViewController.swift */; };
		1F0854342B8F25A200711660 /* SceneDelegate.swift in Sources */ = {isa = PBXBuildFile; fileRef = 1F0854332B8F25A200711660 /* SceneDelegate.swift */; };
		1F0854362B8F27D100711660 /* APIKey.xcconfig in Resources */ = {isa = PBXBuildFile; fileRef = 1F0854352B8F27D100711660 /* APIKey.xcconfig */; };
		1F0B91062B901D170022EDD9 /* Etc.swift in Sources */ = {isa = PBXBuildFile; fileRef = 1F0B91052B901D170022EDD9 /* Etc.swift */; };
		1F0B91082B9026020022EDD9 /* UIImageView+RoundImage.swift in Sources */ = {isa = PBXBuildFile; fileRef = 1F0B91072B9026020022EDD9 /* UIImageView+RoundImage.swift */; };
		1F0D3B2C2B89AA2B00A31E82 /* CapsuleUploadPhotoViewController.swift in Sources */ = {isa = PBXBuildFile; fileRef = 1F0D3B2B2B89AA2B00A31E82 /* CapsuleUploadPhotoViewController.swift */; };
		1F0D3B322B89D85500A31E82 /* CapsuleUploadDeatilViewController.swift in Sources */ = {isa = PBXBuildFile; fileRef = 1F0D3B312B89D85500A31E82 /* CapsuleUploadDeatilViewController.swift */; };
		1F367EA62B8F803A00563908 /* UIColor+Hex.swift in Sources */ = {isa = PBXBuildFile; fileRef = 1F367EA52B8F803A00563908 /* UIColor+Hex.swift */; };
		1F5786D92B849AF800C40B08 /* AppDelegate.swift in Sources */ = {isa = PBXBuildFile; fileRef = 1F5786D82B849AF800C40B08 /* AppDelegate.swift */; };
		1F5786E52B849AFA00C40B08 /* Assets.xcassets in Resources */ = {isa = PBXBuildFile; fileRef = 1F5786E42B849AFA00C40B08 /* Assets.xcassets */; };
		1F5786E82B849AFA00C40B08 /* LaunchScreen.storyboard in Resources */ = {isa = PBXBuildFile; fileRef = 1F5786E62B849AFA00C40B08 /* LaunchScreen.storyboard */; };
		1F5786F22B849CA900C40B08 /* AuthenticationViewModel.swift in Sources */ = {isa = PBXBuildFile; fileRef = 1F5786F12B849CA900C40B08 /* AuthenticationViewModel.swift */; };
		1F5787132B86DBF900C40B08 /* LoginViewController.swift in Sources */ = {isa = PBXBuildFile; fileRef = 1F5787122B86DBF900C40B08 /* LoginViewController.swift */; };
		1F9DA7AF2B8C922800A74D84 /* SearchUserViewController.swift in Sources */ = {isa = PBXBuildFile; fileRef = 1F9DA7AE2B8C922700A74D84 /* SearchUserViewController.swift */; };
		1F9DA7B12B8C93BD00A74D84 /* SerachUserTableViewCell.swift in Sources */ = {isa = PBXBuildFile; fileRef = 1F9DA7B02B8C93BD00A74D84 /* SerachUserTableViewCell.swift */; };
		1F9DA7B52B8CA75900A74D84 /* SearchModalTableViewController.swift in Sources */ = {isa = PBXBuildFile; fileRef = 1F9DA7B42B8CA75900A74D84 /* SearchModalTableViewController.swift */; };
		1FA11BF22B8F8C440014002F /* UITextField+Padding.swift in Sources */ = {isa = PBXBuildFile; fileRef = 1FA11BF12B8F8C440014002F /* UITextField+Padding.swift */; };
		1FAACDE12B8FAA520005B993 /* UIImage+RoundImage.swift in Sources */ = {isa = PBXBuildFile; fileRef = 1FAACDE02B8FAA520005B993 /* UIImage+RoundImage.swift */; };
		1FAB4DF62B8C48AF0054618A /* FriendsViewModel.swift in Sources */ = {isa = PBXBuildFile; fileRef = 1FAB4DF52B8C48AF0054618A /* FriendsViewModel.swift */; };
		1FAB4DF82B8C49590054618A /* User.swift in Sources */ = {isa = PBXBuildFile; fileRef = 1FAB4DF72B8C49590054618A /* User.swift */; };
		1FB387352B87A0B300054816 /* SignUpViewController.swift in Sources */ = {isa = PBXBuildFile; fileRef = 1FB387342B87A0B300054816 /* SignUpViewController.swift */; };
		1FB387372B8862AF00054816 /* MainFeedViewController.swift in Sources */ = {isa = PBXBuildFile; fileRef = 1FB387362B8862AF00054816 /* MainFeedViewController.swift */; };
		1FB387392B8863DE00054816 /* HomeViewController.swift in Sources */ = {isa = PBXBuildFile; fileRef = 1FB387382B8863DE00054816 /* HomeViewController.swift */; };
		1FB3873E2B88791A00054816 /* TimeCapsuleCreationViewModel.swift in Sources */ = {isa = PBXBuildFile; fileRef = 1FB3873D2B88791A00054816 /* TimeCapsuleCreationViewModel.swift */; };
		1FB387402B8881DB00054816 /* TimeCapsule.swift in Sources */ = {isa = PBXBuildFile; fileRef = 1FB3873F2B8881DB00054816 /* TimeCapsule.swift */; };
		1FF869172B8F4B87007B5112 /* CapsuleUploadMainViewController.swift in Sources */ = {isa = PBXBuildFile; fileRef = 1FF869162B8F4B87007B5112 /* CapsuleUploadMainViewController.swift */; };
		1FF8691B2B8F4D81007B5112 /* UIButton+Gradient.swift in Sources */ = {isa = PBXBuildFile; fileRef = 1FF8691A2B8F4D81007B5112 /* UIButton+Gradient.swift */; };
		1FF8691C2B8F503D007B5112 /* proximanova_light.otf in Resources */ = {isa = PBXBuildFile; fileRef = 1FF869092B8F4A86007B5112 /* proximanova_light.otf */; };
		1FF8691D2B8F503D007B5112 /* proximanova_boldit.otf in Resources */ = {isa = PBXBuildFile; fileRef = 1FF869072B8F4A86007B5112 /* proximanova_boldit.otf */; };
		1FF8691E2B8F503D007B5112 /* COPYRIGHT.txt in Resources */ = {isa = PBXBuildFile; fileRef = 1FF869062B8F4A85007B5112 /* COPYRIGHT.txt */; };
		1FF8691F2B8F503D007B5112 /* proximanova_black.ttf in Resources */ = {isa = PBXBuildFile; fileRef = 1FF869052B8F4A85007B5112 /* proximanova_black.ttf */; };
		1FF869202B8F503D007B5112 /* proximanova_regular.ttf in Resources */ = {isa = PBXBuildFile; fileRef = 1FF8690C2B8F4A87007B5112 /* proximanova_regular.ttf */; };
		1FF869212B8F503D007B5112 /* proximanova_blackit.otf in Resources */ = {isa = PBXBuildFile; fileRef = 1FF8690A2B8F4A87007B5112 /* proximanova_blackit.otf */; };
		1FF869222B8F503D007B5112 /* proximanova_extrabold.otf in Resources */ = {isa = PBXBuildFile; fileRef = 1FF8690B2B8F4A87007B5112 /* proximanova_extrabold.otf */; };
		1FF869232B8F503D007B5112 /* proximanova_bold.otf in Resources */ = {isa = PBXBuildFile; fileRef = 1FF869042B8F4A85007B5112 /* proximanova_bold.otf */; };
		1FF869242B8F503D007B5112 /* proximanova_black.otf in Resources */ = {isa = PBXBuildFile; fileRef = 1FF869082B8F4A86007B5112 /* proximanova_black.otf */; };
		27865AD42B8DFCA900DB8DB6 /* NotificationViewController.swift in Sources */ = {isa = PBXBuildFile; fileRef = 27865AD32B8DFCA900DB8DB6 /* NotificationViewController.swift */; };
		27C81E452B8A3A39001E3623 /* OpenedTCCollectionViewCell.swift in Sources */ = {isa = PBXBuildFile; fileRef = 27C81E442B8A3A39001E3623 /* OpenedTCCollectionViewCell.swift */; };
		27C81E472B8A3A4C001E3623 /* UpcomingTCCollectionViewCell.swift in Sources */ = {isa = PBXBuildFile; fileRef = 27C81E462B8A3A4C001E3623 /* UpcomingTCCollectionViewCell.swift */; };
		27D241B02B8F32C5000F8F16 /* CreateTimeCapsuleViewController.swift in Sources */ = {isa = PBXBuildFile; fileRef = 27D241AF2B8F32C5000F8F16 /* CreateTimeCapsuleViewController.swift */; };
		27D241B22B8F33A5000F8F16 /* OpenedTCViewController.swift in Sources */ = {isa = PBXBuildFile; fileRef = 27D241B12B8F33A5000F8F16 /* OpenedTCViewController.swift */; };
		460FE7672B8A200D00AF8086 /* LockedCapsuleCell.swift in Sources */ = {isa = PBXBuildFile; fileRef = 460FE7662B8A200D00AF8086 /* LockedCapsuleCell.swift */; };
		46EA9BAE2B89A27E00633EC4 /* CapsuleMapViewController.swift in Sources */ = {isa = PBXBuildFile; fileRef = 46EA9BAD2B89A27E00633EC4 /* CapsuleMapViewController.swift */; };
		4EC308DE2B8A200300EEE54C /* MainCapsuleViewModel.swift in Sources */ = {isa = PBXBuildFile; fileRef = 4EC308DD2B8A200300EEE54C /* MainCapsuleViewModel.swift */; };
		D25B20EB2B89CD02006CEED8 /* LaunchScreenViewController.swift in Sources */ = {isa = PBXBuildFile; fileRef = D25B20EA2B89CD02006CEED8 /* LaunchScreenViewController.swift */; };
		FFC457642B8F0F36000761E9 /* UserProfileViewModel.swift in Sources */ = {isa = PBXBuildFile; fileRef = FFC457632B8F0F36000761E9 /* UserProfileViewModel.swift */; };
		FFC457662B8F0F74000761E9 /* UserProfileViewController.swift in Sources */ = {isa = PBXBuildFile; fileRef = FFC457652B8F0F74000761E9 /* UserProfileViewController.swift */; };
/* End PBXBuildFile section */

/* Begin PBXFileReference section */
		1F0854142B8EF4F400711660 /* TestLoginViewController.swift */ = {isa = PBXFileReference; lastKnownFileType = sourcecode.swift; path = TestLoginViewController.swift; sourceTree = "<group>"; };
		1F0854162B8F091500711660 /* GoogleService-Info.plist */ = {isa = PBXFileReference; fileEncoding = 4; lastKnownFileType = text.plist.xml; path = "GoogleService-Info.plist"; sourceTree = "<group>"; };
		1F08541A2B8F0F7300711660 /* proximanova_light.otf */ = {isa = PBXFileReference; lastKnownFileType = file; path = proximanova_light.otf; sourceTree = "<group>"; };
		1F08541B2B8F0F7300711660 /* proximanova_blackit.otf */ = {isa = PBXFileReference; lastKnownFileType = file; path = proximanova_blackit.otf; sourceTree = "<group>"; };
		1F08541C2B8F0F7300711660 /* COPYRIGHT.txt */ = {isa = PBXFileReference; fileEncoding = 4; lastKnownFileType = text; path = COPYRIGHT.txt; sourceTree = "<group>"; };
		1F08541D2B8F0F7300711660 /* proximanova_boldit.otf */ = {isa = PBXFileReference; lastKnownFileType = file; path = proximanova_boldit.otf; sourceTree = "<group>"; };
		1F08541E2B8F0F7300711660 /* proximanova_extrabold.otf */ = {isa = PBXFileReference; lastKnownFileType = file; path = proximanova_extrabold.otf; sourceTree = "<group>"; };
		1F08541F2B8F0F7300711660 /* proximanova_regular.ttf */ = {isa = PBXFileReference; lastKnownFileType = file; path = proximanova_regular.ttf; sourceTree = "<group>"; };
		1F0854202B8F0F7300711660 /* proximanova_black.ttf */ = {isa = PBXFileReference; lastKnownFileType = file; path = proximanova_black.ttf; sourceTree = "<group>"; };
		1F0854212B8F0F7300711660 /* proximanova_bold.otf */ = {isa = PBXFileReference; lastKnownFileType = file; path = proximanova_bold.otf; sourceTree = "<group>"; };
		1F0854222B8F0F7300711660 /* proximanova_black.otf */ = {isa = PBXFileReference; lastKnownFileType = file; path = proximanova_black.otf; sourceTree = "<group>"; };
		1F0854312B8F254B00711660 /* MainCapsuleViewController.swift */ = {isa = PBXFileReference; lastKnownFileType = sourcecode.swift; path = MainCapsuleViewController.swift; sourceTree = "<group>"; };
		1F0854332B8F25A200711660 /* SceneDelegate.swift */ = {isa = PBXFileReference; lastKnownFileType = sourcecode.swift; path = SceneDelegate.swift; sourceTree = "<group>"; };
		1F0854352B8F27D100711660 /* APIKey.xcconfig */ = {isa = PBXFileReference; fileEncoding = 4; lastKnownFileType = text.xcconfig; path = APIKey.xcconfig; sourceTree = "<group>"; };
		1F0B91052B901D170022EDD9 /* Etc.swift */ = {isa = PBXFileReference; lastKnownFileType = sourcecode.swift; path = Etc.swift; sourceTree = "<group>"; };
		1F0B91072B9026020022EDD9 /* UIImageView+RoundImage.swift */ = {isa = PBXFileReference; lastKnownFileType = sourcecode.swift; path = "UIImageView+RoundImage.swift"; sourceTree = "<group>"; };
		1F0D3B2B2B89AA2B00A31E82 /* CapsuleUploadPhotoViewController.swift */ = {isa = PBXFileReference; lastKnownFileType = sourcecode.swift; path = CapsuleUploadPhotoViewController.swift; sourceTree = "<group>"; };
		1F0D3B312B89D85500A31E82 /* CapsuleUploadDeatilViewController.swift */ = {isa = PBXFileReference; lastKnownFileType = sourcecode.swift; path = CapsuleUploadDeatilViewController.swift; sourceTree = "<group>"; };
		1F367EA52B8F803A00563908 /* UIColor+Hex.swift */ = {isa = PBXFileReference; lastKnownFileType = sourcecode.swift; path = "UIColor+Hex.swift"; sourceTree = "<group>"; };
		1F5786D52B849AF800C40B08 /* dxTimeCapsule.app */ = {isa = PBXFileReference; explicitFileType = wrapper.application; includeInIndex = 0; path = dxTimeCapsule.app; sourceTree = BUILT_PRODUCTS_DIR; };
		1F5786D82B849AF800C40B08 /* AppDelegate.swift */ = {isa = PBXFileReference; lastKnownFileType = sourcecode.swift; path = AppDelegate.swift; sourceTree = "<group>"; };
		1F5786E42B849AFA00C40B08 /* Assets.xcassets */ = {isa = PBXFileReference; lastKnownFileType = folder.assetcatalog; path = Assets.xcassets; sourceTree = "<group>"; };
		1F5786E72B849AFA00C40B08 /* Base */ = {isa = PBXFileReference; lastKnownFileType = file.storyboard; name = Base; path = Base.lproj/LaunchScreen.storyboard; sourceTree = "<group>"; };
		1F5786E92B849AFA00C40B08 /* Info.plist */ = {isa = PBXFileReference; lastKnownFileType = text.plist.xml; path = Info.plist; sourceTree = "<group>"; };
		1F5786F12B849CA900C40B08 /* AuthenticationViewModel.swift */ = {isa = PBXFileReference; lastKnownFileType = sourcecode.swift; path = AuthenticationViewModel.swift; sourceTree = "<group>"; };
		1F5787122B86DBF900C40B08 /* LoginViewController.swift */ = {isa = PBXFileReference; lastKnownFileType = sourcecode.swift; path = LoginViewController.swift; sourceTree = "<group>"; };
		1F9DA7AE2B8C922700A74D84 /* SearchUserViewController.swift */ = {isa = PBXFileReference; lastKnownFileType = sourcecode.swift; path = SearchUserViewController.swift; sourceTree = "<group>"; };
		1F9DA7B02B8C93BD00A74D84 /* SerachUserTableViewCell.swift */ = {isa = PBXFileReference; lastKnownFileType = sourcecode.swift; path = SerachUserTableViewCell.swift; sourceTree = "<group>"; };
		1F9DA7B42B8CA75900A74D84 /* SearchModalTableViewController.swift */ = {isa = PBXFileReference; lastKnownFileType = sourcecode.swift; path = SearchModalTableViewController.swift; sourceTree = "<group>"; };
		1FA11BF12B8F8C440014002F /* UITextField+Padding.swift */ = {isa = PBXFileReference; lastKnownFileType = sourcecode.swift; path = "UITextField+Padding.swift"; sourceTree = "<group>"; };
		1FAACDE02B8FAA520005B993 /* UIImage+RoundImage.swift */ = {isa = PBXFileReference; lastKnownFileType = sourcecode.swift; path = "UIImage+RoundImage.swift"; sourceTree = "<group>"; };
		1FAB4DF52B8C48AF0054618A /* FriendsViewModel.swift */ = {isa = PBXFileReference; lastKnownFileType = sourcecode.swift; path = FriendsViewModel.swift; sourceTree = "<group>"; };
		1FAB4DF72B8C49590054618A /* User.swift */ = {isa = PBXFileReference; lastKnownFileType = sourcecode.swift; path = User.swift; sourceTree = "<group>"; };
		1FB387342B87A0B300054816 /* SignUpViewController.swift */ = {isa = PBXFileReference; lastKnownFileType = sourcecode.swift; path = SignUpViewController.swift; sourceTree = "<group>"; };
		1FB387362B8862AF00054816 /* MainFeedViewController.swift */ = {isa = PBXFileReference; lastKnownFileType = sourcecode.swift; path = MainFeedViewController.swift; sourceTree = "<group>"; };
		1FB387382B8863DE00054816 /* HomeViewController.swift */ = {isa = PBXFileReference; lastKnownFileType = sourcecode.swift; path = HomeViewController.swift; sourceTree = "<group>"; };
		1FB3873D2B88791A00054816 /* TimeCapsuleCreationViewModel.swift */ = {isa = PBXFileReference; lastKnownFileType = sourcecode.swift; path = TimeCapsuleCreationViewModel.swift; sourceTree = "<group>"; };
		1FB3873F2B8881DB00054816 /* TimeCapsule.swift */ = {isa = PBXFileReference; lastKnownFileType = sourcecode.swift; path = TimeCapsule.swift; sourceTree = "<group>"; };
		1FF869042B8F4A85007B5112 /* proximanova_bold.otf */ = {isa = PBXFileReference; lastKnownFileType = file; path = proximanova_bold.otf; sourceTree = "<group>"; };
		1FF869052B8F4A85007B5112 /* proximanova_black.ttf */ = {isa = PBXFileReference; lastKnownFileType = file; path = proximanova_black.ttf; sourceTree = "<group>"; };
		1FF869062B8F4A85007B5112 /* COPYRIGHT.txt */ = {isa = PBXFileReference; fileEncoding = 4; lastKnownFileType = text; path = COPYRIGHT.txt; sourceTree = "<group>"; };
		1FF869072B8F4A86007B5112 /* proximanova_boldit.otf */ = {isa = PBXFileReference; lastKnownFileType = file; path = proximanova_boldit.otf; sourceTree = "<group>"; };
		1FF869082B8F4A86007B5112 /* proximanova_black.otf */ = {isa = PBXFileReference; lastKnownFileType = file; path = proximanova_black.otf; sourceTree = "<group>"; };
		1FF869092B8F4A86007B5112 /* proximanova_light.otf */ = {isa = PBXFileReference; lastKnownFileType = file; path = proximanova_light.otf; sourceTree = "<group>"; };
		1FF8690A2B8F4A87007B5112 /* proximanova_blackit.otf */ = {isa = PBXFileReference; lastKnownFileType = file; path = proximanova_blackit.otf; sourceTree = "<group>"; };
		1FF8690B2B8F4A87007B5112 /* proximanova_extrabold.otf */ = {isa = PBXFileReference; lastKnownFileType = file; path = proximanova_extrabold.otf; sourceTree = "<group>"; };
		1FF8690C2B8F4A87007B5112 /* proximanova_regular.ttf */ = {isa = PBXFileReference; lastKnownFileType = file; path = proximanova_regular.ttf; sourceTree = "<group>"; };
		1FF869162B8F4B87007B5112 /* CapsuleUploadMainViewController.swift */ = {isa = PBXFileReference; lastKnownFileType = sourcecode.swift; path = CapsuleUploadMainViewController.swift; sourceTree = "<group>"; };
		1FF8691A2B8F4D81007B5112 /* UIButton+Gradient.swift */ = {isa = PBXFileReference; lastKnownFileType = sourcecode.swift; path = "UIButton+Gradient.swift"; sourceTree = "<group>"; };
		24940157E90C825F0AF8F6E7 /* Pods-dxTimeCapsule.release.xcconfig */ = {isa = PBXFileReference; includeInIndex = 1; lastKnownFileType = text.xcconfig; name = "Pods-dxTimeCapsule.release.xcconfig"; path = "Target Support Files/Pods-dxTimeCapsule/Pods-dxTimeCapsule.release.xcconfig"; sourceTree = "<group>"; };
		27865AD32B8DFCA900DB8DB6 /* NotificationViewController.swift */ = {isa = PBXFileReference; lastKnownFileType = sourcecode.swift; path = NotificationViewController.swift; sourceTree = "<group>"; };
		27C81E442B8A3A39001E3623 /* OpenedTCCollectionViewCell.swift */ = {isa = PBXFileReference; lastKnownFileType = sourcecode.swift; path = OpenedTCCollectionViewCell.swift; sourceTree = "<group>"; };
		27C81E462B8A3A4C001E3623 /* UpcomingTCCollectionViewCell.swift */ = {isa = PBXFileReference; lastKnownFileType = sourcecode.swift; path = UpcomingTCCollectionViewCell.swift; sourceTree = "<group>"; };
		27D241AF2B8F32C5000F8F16 /* CreateTimeCapsuleViewController.swift */ = {isa = PBXFileReference; lastKnownFileType = sourcecode.swift; path = CreateTimeCapsuleViewController.swift; sourceTree = "<group>"; };
		27D241B12B8F33A5000F8F16 /* OpenedTCViewController.swift */ = {isa = PBXFileReference; lastKnownFileType = sourcecode.swift; path = OpenedTCViewController.swift; sourceTree = "<group>"; };
		4096504136FE62FB0887CFD8 /* Pods-dxTimeCapsule.debug.xcconfig */ = {isa = PBXFileReference; includeInIndex = 1; lastKnownFileType = text.xcconfig; name = "Pods-dxTimeCapsule.debug.xcconfig"; path = "Target Support Files/Pods-dxTimeCapsule/Pods-dxTimeCapsule.debug.xcconfig"; sourceTree = "<group>"; };
		460FE7662B8A200D00AF8086 /* LockedCapsuleCell.swift */ = {isa = PBXFileReference; lastKnownFileType = sourcecode.swift; path = LockedCapsuleCell.swift; sourceTree = "<group>"; };
		46EA9BAD2B89A27E00633EC4 /* CapsuleMapViewController.swift */ = {isa = PBXFileReference; lastKnownFileType = sourcecode.swift; path = CapsuleMapViewController.swift; sourceTree = "<group>"; };
		4EC308DD2B8A200300EEE54C /* MainCapsuleViewModel.swift */ = {isa = PBXFileReference; lastKnownFileType = sourcecode.swift; path = MainCapsuleViewModel.swift; sourceTree = "<group>"; };
		9E53E63672B22459B20786B7 /* Pods_dxTimeCapsule.framework */ = {isa = PBXFileReference; explicitFileType = wrapper.framework; includeInIndex = 0; path = Pods_dxTimeCapsule.framework; sourceTree = BUILT_PRODUCTS_DIR; };
		D25B20EA2B89CD02006CEED8 /* LaunchScreenViewController.swift */ = {isa = PBXFileReference; lastKnownFileType = sourcecode.swift; path = LaunchScreenViewController.swift; sourceTree = "<group>"; };
		FFC457632B8F0F36000761E9 /* UserProfileViewModel.swift */ = {isa = PBXFileReference; lastKnownFileType = sourcecode.swift; path = UserProfileViewModel.swift; sourceTree = "<group>"; };
		FFC457652B8F0F74000761E9 /* UserProfileViewController.swift */ = {isa = PBXFileReference; lastKnownFileType = sourcecode.swift; path = UserProfileViewController.swift; sourceTree = "<group>"; };
/* End PBXFileReference section */

/* Begin PBXFrameworksBuildPhase section */
		1F5786D22B849AF800C40B08 /* Frameworks */ = {
			isa = PBXFrameworksBuildPhase;
			buildActionMask = 2147483647;
			files = (
				0650E25C14207B6941E876DD /* Pods_dxTimeCapsule.framework in Frameworks */,
			);
			runOnlyForDeploymentPostprocessing = 0;
		};
/* End PBXFrameworksBuildPhase section */

/* Begin PBXGroup section */
		1F0854182B8F0F6B00711660 /* Font */ = {
			isa = PBXGroup;
			children = (
				1F0854192B8F0F7300711660 /* Proxima Nova */,
			);
			name = Font;
			sourceTree = "<group>";
		};
		1F0854192B8F0F7300711660 /* Proxima Nova */ = {
			isa = PBXGroup;
			children = (
				1F08541A2B8F0F7300711660 /* proximanova_light.otf */,
				1F08541B2B8F0F7300711660 /* proximanova_blackit.otf */,
				1F08541C2B8F0F7300711660 /* COPYRIGHT.txt */,
				1F08541D2B8F0F7300711660 /* proximanova_boldit.otf */,
				1F08541E2B8F0F7300711660 /* proximanova_extrabold.otf */,
				1F08541F2B8F0F7300711660 /* proximanova_regular.ttf */,
				1F0854202B8F0F7300711660 /* proximanova_black.ttf */,
				1F0854212B8F0F7300711660 /* proximanova_bold.otf */,
				1F0854222B8F0F7300711660 /* proximanova_black.otf */,
			);
			path = "Proxima Nova";
			sourceTree = "<group>";
		};
		1F0B91092B90262A0022EDD9 /* UIImageView */ = {
			isa = PBXGroup;
			children = (
				1F0B91072B9026020022EDD9 /* UIImageView+RoundImage.swift */,
			);
			name = UIImageView;
			sourceTree = "<group>";
		};
		1F5786CC2B849AF800C40B08 = {
			isa = PBXGroup;
			children = (
				1F5786D72B849AF800C40B08 /* dxTimeCapsule */,
				25AD7CDE47BA0E85739F3959 /* Pods */,
				3CC1A9291EBAFDCA26B0042E /* Frameworks */,
			);
			sourceTree = "<group>";
		};
		1F5786D62B849AF800C40B08 /* Products */ = {
			isa = PBXGroup;
			children = (
				1F5786D52B849AF800C40B08 /* dxTimeCapsule.app */,
			);
			name = Products;
			path = ..;
			sourceTree = "<group>";
		};
		1F5786D72B849AF800C40B08 /* dxTimeCapsule */ = {
			isa = PBXGroup;
			children = (
				1F5786F52B849D0D00C40B08 /* Model */,
				1F5786EF2B849C2200C40B08 /* ViewModel */,
				1F5786F02B849C2F00C40B08 /* View */,
				1FF869182B8F4D3E007B5112 /* Utilities */,
				1FF868C72B8F4775007B5112 /* Resourses */,
				1F5786FA2B84D26000C40B08 /* Legercy */,
				1F5786D82B849AF800C40B08 /* AppDelegate.swift */,
				1F0854332B8F25A200711660 /* SceneDelegate.swift */,
				1F5786D62B849AF800C40B08 /* Products */,
				1F5786E42B849AFA00C40B08 /* Assets.xcassets */,
				1F5786E62B849AFA00C40B08 /* LaunchScreen.storyboard */,
				1F0854352B8F27D100711660 /* APIKey.xcconfig */,
				1F5786E92B849AFA00C40B08 /* Info.plist */,
				1F0854162B8F091500711660 /* GoogleService-Info.plist */,
			);
			path = dxTimeCapsule;
			sourceTree = "<group>";
		};
		1F5786EF2B849C2200C40B08 /* ViewModel */ = {
			isa = PBXGroup;
			children = (
				1FB3873D2B88791A00054816 /* TimeCapsuleCreationViewModel.swift */,
				4EC308DD2B8A200300EEE54C /* MainCapsuleViewModel.swift */,
				1F5786F12B849CA900C40B08 /* AuthenticationViewModel.swift */,
				1FAB4DF52B8C48AF0054618A /* FriendsViewModel.swift */,
				FFC457632B8F0F36000761E9 /* UserProfileViewModel.swift */,
			);
			name = ViewModel;
			sourceTree = "<group>";
		};
		1F5786F02B849C2F00C40B08 /* View */ = {
			isa = PBXGroup;
			children = (
				1FAB4DEC2B8C29D80054618A /* Authentication */,
				27C81E412B8A39E9001E3623 /* HomeView */,
				D25B20EA2B89CD02006CEED8 /* LaunchScreenViewController.swift */,
				46EA9BAD2B89A27E00633EC4 /* CapsuleMapViewController.swift */,
				1FB387362B8862AF00054816 /* MainFeedViewController.swift */,
				27865AD32B8DFCA900DB8DB6 /* NotificationViewController.swift */,
				1FAB4DED2B8C2AEB0054618A /* Main */,
				1FB3873C2B886EDA00054816 /* TimeCapsuleUpload */,
				1FAB4DEE2B8C2B800054618A /* Capsule */,
				1F9DA7AD2B8C921900A74D84 /* SearchUser */,
				27D241B12B8F33A5000F8F16 /* OpenedTCViewController.swift */,
			);
			name = View;
			sourceTree = "<group>";
		};
		1F5786F52B849D0D00C40B08 /* Model */ = {
			isa = PBXGroup;
			children = (
				1FAB4DF72B8C49590054618A /* User.swift */,
				1FB3873F2B8881DB00054816 /* TimeCapsule.swift */,
			);
			name = Model;
			sourceTree = "<group>";
		};
		1F5786FA2B84D26000C40B08 /* Legercy */ = {
			isa = PBXGroup;
			children = (
				1F0854142B8EF4F400711660 /* TestLoginViewController.swift */,
				1F0B91052B901D170022EDD9 /* Etc.swift */,
			);
			name = Legercy;
			sourceTree = "<group>";
		};
		1F9DA7AD2B8C921900A74D84 /* SearchUser */ = {
			isa = PBXGroup;
			children = (
				1F9DA7AE2B8C922700A74D84 /* SearchUserViewController.swift */,
				1F9DA7B42B8CA75900A74D84 /* SearchModalTableViewController.swift */,
				1F9DA7B02B8C93BD00A74D84 /* SerachUserTableViewCell.swift */,
				1FAB4DEB2B8C238F0054618A /* Resource */,
			);
			name = SearchUser;
			sourceTree = "<group>";
		};
		1FA11BF32B8F8C740014002F /* UIButtion */ = {
			isa = PBXGroup;
			children = (
				1FF8691A2B8F4D81007B5112 /* UIButton+Gradient.swift */,
			);
			name = UIButtion;
			sourceTree = "<group>";
		};
		1FA11BF42B8F8C7F0014002F /* UIColor */ = {
			isa = PBXGroup;
			children = (
				1F367EA52B8F803A00563908 /* UIColor+Hex.swift */,
			);
			name = UIColor;
			sourceTree = "<group>";
		};
		1FA11BF52B8F8C850014002F /* UITextField */ = {
			isa = PBXGroup;
			children = (
				1FA11BF12B8F8C440014002F /* UITextField+Padding.swift */,
			);
			path = UITextField;
			sourceTree = "<group>";
		};
		1FAACDDF2B8FAA400005B993 /* UIImage */ = {
			isa = PBXGroup;
			children = (
				1FAACDE02B8FAA520005B993 /* UIImage+RoundImage.swift */,
			);
			name = UIImage;
			sourceTree = "<group>";
		};
		1FAB4DEB2B8C238F0054618A /* Resource */ = {
			isa = PBXGroup;
			children = (
				1F0854182B8F0F6B00711660 /* Font */,
			);
			name = Resource;
			sourceTree = "<group>";
		};
		1FAB4DEC2B8C29D80054618A /* Authentication */ = {
			isa = PBXGroup;
			children = (
				1F5787122B86DBF900C40B08 /* LoginViewController.swift */,
				1FB387342B87A0B300054816 /* SignUpViewController.swift */,
				FFC457652B8F0F74000761E9 /* UserProfileViewController.swift */,
			);
			name = Authentication;
			sourceTree = "<group>";
		};
		1FAB4DED2B8C2AEB0054618A /* Main */ = {
			isa = PBXGroup;
			children = (
				1FB387382B8863DE00054816 /* HomeViewController.swift */,
				1F0854312B8F254B00711660 /* MainCapsuleViewController.swift */,
			);
			name = Main;
			sourceTree = "<group>";
		};
		1FAB4DEE2B8C2B800054618A /* Capsule */ = {
			isa = PBXGroup;
			children = (
				460FE7662B8A200D00AF8086 /* LockedCapsuleCell.swift */,
			);
			name = Capsule;
			sourceTree = "<group>";
		};
		1FB3873C2B886EDA00054816 /* TimeCapsuleUpload */ = {
			isa = PBXGroup;
			children = (
				27D241AF2B8F32C5000F8F16 /* CreateTimeCapsuleViewController.swift */,
				1FF869162B8F4B87007B5112 /* CapsuleUploadMainViewController.swift */,
				1F0D3B2B2B89AA2B00A31E82 /* CapsuleUploadPhotoViewController.swift */,
				1F0D3B312B89D85500A31E82 /* CapsuleUploadDeatilViewController.swift */,
			);
			name = TimeCapsuleUpload;
			sourceTree = "<group>";
		};
		1FF868C72B8F4775007B5112 /* Resourses */ = {
			isa = PBXGroup;
			children = (
				1FF868DB2B8F4A51007B5112 /* Font */,
			);
			name = Resourses;
			sourceTree = "<group>";
		};
		1FF868DB2B8F4A51007B5112 /* Font */ = {
			isa = PBXGroup;
			children = (
				1FF869032B8F4A76007B5112 /* ProximaNova */,
			);
			path = Font;
			sourceTree = "<group>";
		};
		1FF869032B8F4A76007B5112 /* ProximaNova */ = {
			isa = PBXGroup;
			children = (
				1FF869062B8F4A85007B5112 /* COPYRIGHT.txt */,
				1FF869082B8F4A86007B5112 /* proximanova_black.otf */,
				1FF869052B8F4A85007B5112 /* proximanova_black.ttf */,
				1FF8690A2B8F4A87007B5112 /* proximanova_blackit.otf */,
				1FF869042B8F4A85007B5112 /* proximanova_bold.otf */,
				1FF869072B8F4A86007B5112 /* proximanova_boldit.otf */,
				1FF8690B2B8F4A87007B5112 /* proximanova_extrabold.otf */,
				1FF869092B8F4A86007B5112 /* proximanova_light.otf */,
				1FF8690C2B8F4A87007B5112 /* proximanova_regular.ttf */,
			);
			path = ProximaNova;
			sourceTree = "<group>";
		};
		1FF869182B8F4D3E007B5112 /* Utilities */ = {
			isa = PBXGroup;
			children = (
				1FF869192B8F4D59007B5112 /* Extensions */,
			);
			path = Utilities;
			sourceTree = "<group>";
		};
		1FF869192B8F4D59007B5112 /* Extensions */ = {
			isa = PBXGroup;
			children = (
				1FAACDDF2B8FAA400005B993 /* UIImage */,
				1FA11BF32B8F8C740014002F /* UIButtion */,
				1FA11BF42B8F8C7F0014002F /* UIColor */,
				1FA11BF52B8F8C850014002F /* UITextField */,
				1F0B91092B90262A0022EDD9 /* UIImageView */,
			);
			path = Extensions;
			sourceTree = "<group>";
		};
		25AD7CDE47BA0E85739F3959 /* Pods */ = {
			isa = PBXGroup;
			children = (
				4096504136FE62FB0887CFD8 /* Pods-dxTimeCapsule.debug.xcconfig */,
				24940157E90C825F0AF8F6E7 /* Pods-dxTimeCapsule.release.xcconfig */,
			);
			path = Pods;
			sourceTree = "<group>";
		};
		27C81E412B8A39E9001E3623 /* HomeView */ = {
			isa = PBXGroup;
			children = (
				27C81E442B8A3A39001E3623 /* OpenedTCCollectionViewCell.swift */,
				27C81E462B8A3A4C001E3623 /* UpcomingTCCollectionViewCell.swift */,
			);
			name = HomeView;
			sourceTree = "<group>";
		};
		3CC1A9291EBAFDCA26B0042E /* Frameworks */ = {
			isa = PBXGroup;
			children = (
				9E53E63672B22459B20786B7 /* Pods_dxTimeCapsule.framework */,
			);
			name = Frameworks;
			sourceTree = "<group>";
		};
/* End PBXGroup section */

/* Begin PBXNativeTarget section */
		1F5786D42B849AF800C40B08 /* dxTimeCapsule */ = {
			isa = PBXNativeTarget;
			buildConfigurationList = 1F5786EC2B849AFA00C40B08 /* Build configuration list for PBXNativeTarget "dxTimeCapsule" */;
			buildPhases = (
				4D7A0023A0A11C6D72ADD3AD /* [CP] Check Pods Manifest.lock */,
				1F5786D12B849AF800C40B08 /* Sources */,
				1F5786D22B849AF800C40B08 /* Frameworks */,
				1F5786D32B849AF800C40B08 /* Resources */,
				00D43A2815645565EFCF0A8D /* [CP] Embed Pods Frameworks */,
			);
			buildRules = (
			);
			dependencies = (
			);
			name = dxTimeCapsule;
			productName = dxTimeCapsule;
			productReference = 1F5786D52B849AF800C40B08 /* dxTimeCapsule.app */;
			productType = "com.apple.product-type.application";
		};
/* End PBXNativeTarget section */

/* Begin PBXProject section */
		1F5786CD2B849AF800C40B08 /* Project object */ = {
			isa = PBXProject;
			attributes = {
				BuildIndependentTargetsInParallel = 1;
				LastSwiftUpdateCheck = 1520;
				LastUpgradeCheck = 1520;
				TargetAttributes = {
					1F5786D42B849AF800C40B08 = {
						CreatedOnToolsVersion = 15.2;
					};
				};
			};
			buildConfigurationList = 1F5786D02B849AF800C40B08 /* Build configuration list for PBXProject "dxTimeCapsule" */;
			compatibilityVersion = "Xcode 14.0";
			developmentRegion = en;
			hasScannedForEncodings = 0;
			knownRegions = (
				en,
				Base,
			);
			mainGroup = 1F5786CC2B849AF800C40B08;
			productRefGroup = 1F5786D62B849AF800C40B08 /* Products */;
			projectDirPath = "";
			projectRoot = "";
			targets = (
				1F5786D42B849AF800C40B08 /* dxTimeCapsule */,
			);
		};
/* End PBXProject section */

/* Begin PBXResourcesBuildPhase section */
		1F5786D32B849AF800C40B08 /* Resources */ = {
			isa = PBXResourcesBuildPhase;
			buildActionMask = 2147483647;
			files = (
				1FF8691E2B8F503D007B5112 /* COPYRIGHT.txt in Resources */,
				1FF8691F2B8F503D007B5112 /* proximanova_black.ttf in Resources */,
				1F5786E82B849AFA00C40B08 /* LaunchScreen.storyboard in Resources */,
				1FF869242B8F503D007B5112 /* proximanova_black.otf in Resources */,
				1FF869222B8F503D007B5112 /* proximanova_extrabold.otf in Resources */,
				1F0854172B8F091500711660 /* GoogleService-Info.plist in Resources */,
				1FF8691D2B8F503D007B5112 /* proximanova_boldit.otf in Resources */,
				1FF8691C2B8F503D007B5112 /* proximanova_light.otf in Resources */,
				1FF869232B8F503D007B5112 /* proximanova_bold.otf in Resources */,
				1F0854362B8F27D100711660 /* APIKey.xcconfig in Resources */,
				1FF869212B8F503D007B5112 /* proximanova_blackit.otf in Resources */,
				1F5786E52B849AFA00C40B08 /* Assets.xcassets in Resources */,
				1FF869202B8F503D007B5112 /* proximanova_regular.ttf in Resources */,
			);
			runOnlyForDeploymentPostprocessing = 0;
		};
/* End PBXResourcesBuildPhase section */

/* Begin PBXShellScriptBuildPhase section */
		00D43A2815645565EFCF0A8D /* [CP] Embed Pods Frameworks */ = {
			isa = PBXShellScriptBuildPhase;
			buildActionMask = 2147483647;
			files = (
			);
			inputFileListPaths = (
				"${PODS_ROOT}/Target Support Files/Pods-dxTimeCapsule/Pods-dxTimeCapsule-frameworks-${CONFIGURATION}-input-files.xcfilelist",
			);
			name = "[CP] Embed Pods Frameworks";
			outputFileListPaths = (
				"${PODS_ROOT}/Target Support Files/Pods-dxTimeCapsule/Pods-dxTimeCapsule-frameworks-${CONFIGURATION}-output-files.xcfilelist",
			);
			runOnlyForDeploymentPostprocessing = 0;
			shellPath = /bin/sh;
			shellScript = "\"${PODS_ROOT}/Target Support Files/Pods-dxTimeCapsule/Pods-dxTimeCapsule-frameworks.sh\"\n";
			showEnvVarsInLog = 0;
		};
		4D7A0023A0A11C6D72ADD3AD /* [CP] Check Pods Manifest.lock */ = {
			isa = PBXShellScriptBuildPhase;
			buildActionMask = 2147483647;
			files = (
			);
			inputFileListPaths = (
			);
			inputPaths = (
				"${PODS_PODFILE_DIR_PATH}/Podfile.lock",
				"${PODS_ROOT}/Manifest.lock",
			);
			name = "[CP] Check Pods Manifest.lock";
			outputFileListPaths = (
			);
			outputPaths = (
				"$(DERIVED_FILE_DIR)/Pods-dxTimeCapsule-checkManifestLockResult.txt",
			);
			runOnlyForDeploymentPostprocessing = 0;
			shellPath = /bin/sh;
			shellScript = "diff \"${PODS_PODFILE_DIR_PATH}/Podfile.lock\" \"${PODS_ROOT}/Manifest.lock\" > /dev/null\nif [ $? != 0 ] ; then\n    # print error to STDERR\n    echo \"error: The sandbox is not in sync with the Podfile.lock. Run 'pod install' or update your CocoaPods installation.\" >&2\n    exit 1\nfi\n# This output is used by Xcode 'outputs' to avoid re-running this script phase.\necho \"SUCCESS\" > \"${SCRIPT_OUTPUT_FILE_0}\"\n";
			showEnvVarsInLog = 0;
		};
/* End PBXShellScriptBuildPhase section */

/* Begin PBXSourcesBuildPhase section */
		1F5786D12B849AF800C40B08 /* Sources */ = {
			isa = PBXSourcesBuildPhase;
			buildActionMask = 2147483647;
			files = (
				FFC457642B8F0F36000761E9 /* UserProfileViewModel.swift in Sources */,
				FFC457662B8F0F74000761E9 /* UserProfileViewController.swift in Sources */,
				46EA9BAE2B89A27E00633EC4 /* CapsuleMapViewController.swift in Sources */,
				1F0854322B8F254B00711660 /* MainCapsuleViewController.swift in Sources */,
				460FE7672B8A200D00AF8086 /* LockedCapsuleCell.swift in Sources */,
				1F5786D92B849AF800C40B08 /* AppDelegate.swift in Sources */,
				1FB387352B87A0B300054816 /* SignUpViewController.swift in Sources */,
				1F367EA62B8F803A00563908 /* UIColor+Hex.swift in Sources */,
				4EC308DE2B8A200300EEE54C /* MainCapsuleViewModel.swift in Sources */,
				1FA11BF22B8F8C440014002F /* UITextField+Padding.swift in Sources */,
				27D241B22B8F33A5000F8F16 /* OpenedTCViewController.swift in Sources */,
				1F0D3B322B89D85500A31E82 /* CapsuleUploadDeatilViewController.swift in Sources */,
				1FAB4DF82B8C49590054618A /* User.swift in Sources */,
				1FAB4DF62B8C48AF0054618A /* FriendsViewModel.swift in Sources */,
				1FAACDE12B8FAA520005B993 /* UIImage+RoundImage.swift in Sources */,
				1F5787132B86DBF900C40B08 /* LoginViewController.swift in Sources */,
				1FF869172B8F4B87007B5112 /* CapsuleUploadMainViewController.swift in Sources */,
				27D241B02B8F32C5000F8F16 /* CreateTimeCapsuleViewController.swift in Sources */,
				1FB387402B8881DB00054816 /* TimeCapsule.swift in Sources */,
				1FB387392B8863DE00054816 /* HomeViewController.swift in Sources */,
				1F0B91082B9026020022EDD9 /* UIImageView+RoundImage.swift in Sources */,
				27C81E452B8A3A39001E3623 /* OpenedTCCollectionViewCell.swift in Sources */,
				1F0854342B8F25A200711660 /* SceneDelegate.swift in Sources */,
				1FF8691B2B8F4D81007B5112 /* UIButton+Gradient.swift in Sources */,
				27C81E472B8A3A4C001E3623 /* UpcomingTCCollectionViewCell.swift in Sources */,
				1F5786F22B849CA900C40B08 /* AuthenticationViewModel.swift in Sources */,
				1FB387372B8862AF00054816 /* MainFeedViewController.swift in Sources */,
				1F9DA7B12B8C93BD00A74D84 /* SerachUserTableViewCell.swift in Sources */,
				1F0854152B8EF4F400711660 /* TestLoginViewController.swift in Sources */,
				1FB3873E2B88791A00054816 /* TimeCapsuleCreationViewModel.swift in Sources */,
				27865AD42B8DFCA900DB8DB6 /* NotificationViewController.swift in Sources */,
				1F9DA7AF2B8C922800A74D84 /* SearchUserViewController.swift in Sources */,
				1F0B91062B901D170022EDD9 /* Etc.swift in Sources */,
				D25B20EB2B89CD02006CEED8 /* LaunchScreenViewController.swift in Sources */,
				1F9DA7B52B8CA75900A74D84 /* SearchModalTableViewController.swift in Sources */,
				1F0D3B2C2B89AA2B00A31E82 /* CapsuleUploadPhotoViewController.swift in Sources */,
			);
			runOnlyForDeploymentPostprocessing = 0;
		};
/* End PBXSourcesBuildPhase section */

/* Begin PBXVariantGroup section */
		1F5786E62B849AFA00C40B08 /* LaunchScreen.storyboard */ = {
			isa = PBXVariantGroup;
			children = (
				1F5786E72B849AFA00C40B08 /* Base */,
			);
			name = LaunchScreen.storyboard;
			sourceTree = "<group>";
		};
/* End PBXVariantGroup section */

/* Begin XCBuildConfiguration section */
		1F5786EA2B849AFA00C40B08 /* Debug */ = {
			isa = XCBuildConfiguration;
			baseConfigurationReference = 1F0854352B8F27D100711660 /* APIKey.xcconfig */;
			buildSettings = {
				ALWAYS_SEARCH_USER_PATHS = NO;
				ASSETCATALOG_COMPILER_GENERATE_SWIFT_ASSET_SYMBOL_EXTENSIONS = YES;
				CLANG_ANALYZER_NONNULL = YES;
				CLANG_ANALYZER_NUMBER_OBJECT_CONVERSION = YES_AGGRESSIVE;
				CLANG_CXX_LANGUAGE_STANDARD = "gnu++20";
				CLANG_ENABLE_MODULES = YES;
				CLANG_ENABLE_OBJC_ARC = YES;
				CLANG_ENABLE_OBJC_WEAK = YES;
				CLANG_WARN_BLOCK_CAPTURE_AUTORELEASING = YES;
				CLANG_WARN_BOOL_CONVERSION = YES;
				CLANG_WARN_COMMA = YES;
				CLANG_WARN_CONSTANT_CONVERSION = YES;
				CLANG_WARN_DEPRECATED_OBJC_IMPLEMENTATIONS = YES;
				CLANG_WARN_DIRECT_OBJC_ISA_USAGE = YES_ERROR;
				CLANG_WARN_DOCUMENTATION_COMMENTS = YES;
				CLANG_WARN_EMPTY_BODY = YES;
				CLANG_WARN_ENUM_CONVERSION = YES;
				CLANG_WARN_INFINITE_RECURSION = YES;
				CLANG_WARN_INT_CONVERSION = YES;
				CLANG_WARN_NON_LITERAL_NULL_CONVERSION = YES;
				CLANG_WARN_OBJC_IMPLICIT_RETAIN_SELF = YES;
				CLANG_WARN_OBJC_LITERAL_CONVERSION = YES;
				CLANG_WARN_OBJC_ROOT_CLASS = YES_ERROR;
				CLANG_WARN_QUOTED_INCLUDE_IN_FRAMEWORK_HEADER = YES;
				CLANG_WARN_RANGE_LOOP_ANALYSIS = YES;
				CLANG_WARN_STRICT_PROTOTYPES = YES;
				CLANG_WARN_SUSPICIOUS_MOVE = YES;
				CLANG_WARN_UNGUARDED_AVAILABILITY = YES_AGGRESSIVE;
				CLANG_WARN_UNREACHABLE_CODE = YES;
				CLANG_WARN__DUPLICATE_METHOD_MATCH = YES;
				COPY_PHASE_STRIP = NO;
				DEBUG_INFORMATION_FORMAT = dwarf;
				ENABLE_STRICT_OBJC_MSGSEND = YES;
				ENABLE_TESTABILITY = YES;
				ENABLE_USER_SCRIPT_SANDBOXING = YES;
				GCC_C_LANGUAGE_STANDARD = gnu17;
				GCC_DYNAMIC_NO_PIC = NO;
				GCC_NO_COMMON_BLOCKS = YES;
				GCC_OPTIMIZATION_LEVEL = 0;
				GCC_PREPROCESSOR_DEFINITIONS = (
					"DEBUG=1",
					"$(inherited)",
				);
				GCC_WARN_64_TO_32_BIT_CONVERSION = YES;
				GCC_WARN_ABOUT_RETURN_TYPE = YES_ERROR;
				GCC_WARN_UNDECLARED_SELECTOR = YES;
				GCC_WARN_UNINITIALIZED_AUTOS = YES_AGGRESSIVE;
				GCC_WARN_UNUSED_FUNCTION = YES;
				GCC_WARN_UNUSED_VARIABLE = YES;
				IPHONEOS_DEPLOYMENT_TARGET = 15.2;
				LOCALIZATION_PREFERS_STRING_CATALOGS = YES;
				MTL_ENABLE_DEBUG_INFO = INCLUDE_SOURCE;
				MTL_FAST_MATH = YES;
				ONLY_ACTIVE_ARCH = YES;
				SDKROOT = iphoneos;
				SWIFT_ACTIVE_COMPILATION_CONDITIONS = "DEBUG $(inherited)";
				SWIFT_OPTIMIZATION_LEVEL = "-Onone";
			};
			name = Debug;
		};
		1F5786EB2B849AFA00C40B08 /* Release */ = {
			isa = XCBuildConfiguration;
			baseConfigurationReference = 1F0854352B8F27D100711660 /* APIKey.xcconfig */;
			buildSettings = {
				ALWAYS_SEARCH_USER_PATHS = NO;
				ASSETCATALOG_COMPILER_GENERATE_SWIFT_ASSET_SYMBOL_EXTENSIONS = YES;
				CLANG_ANALYZER_NONNULL = YES;
				CLANG_ANALYZER_NUMBER_OBJECT_CONVERSION = YES_AGGRESSIVE;
				CLANG_CXX_LANGUAGE_STANDARD = "gnu++20";
				CLANG_ENABLE_MODULES = YES;
				CLANG_ENABLE_OBJC_ARC = YES;
				CLANG_ENABLE_OBJC_WEAK = YES;
				CLANG_WARN_BLOCK_CAPTURE_AUTORELEASING = YES;
				CLANG_WARN_BOOL_CONVERSION = YES;
				CLANG_WARN_COMMA = YES;
				CLANG_WARN_CONSTANT_CONVERSION = YES;
				CLANG_WARN_DEPRECATED_OBJC_IMPLEMENTATIONS = YES;
				CLANG_WARN_DIRECT_OBJC_ISA_USAGE = YES_ERROR;
				CLANG_WARN_DOCUMENTATION_COMMENTS = YES;
				CLANG_WARN_EMPTY_BODY = YES;
				CLANG_WARN_ENUM_CONVERSION = YES;
				CLANG_WARN_INFINITE_RECURSION = YES;
				CLANG_WARN_INT_CONVERSION = YES;
				CLANG_WARN_NON_LITERAL_NULL_CONVERSION = YES;
				CLANG_WARN_OBJC_IMPLICIT_RETAIN_SELF = YES;
				CLANG_WARN_OBJC_LITERAL_CONVERSION = YES;
				CLANG_WARN_OBJC_ROOT_CLASS = YES_ERROR;
				CLANG_WARN_QUOTED_INCLUDE_IN_FRAMEWORK_HEADER = YES;
				CLANG_WARN_RANGE_LOOP_ANALYSIS = YES;
				CLANG_WARN_STRICT_PROTOTYPES = YES;
				CLANG_WARN_SUSPICIOUS_MOVE = YES;
				CLANG_WARN_UNGUARDED_AVAILABILITY = YES_AGGRESSIVE;
				CLANG_WARN_UNREACHABLE_CODE = YES;
				CLANG_WARN__DUPLICATE_METHOD_MATCH = YES;
				COPY_PHASE_STRIP = NO;
				DEBUG_INFORMATION_FORMAT = "dwarf-with-dsym";
				ENABLE_NS_ASSERTIONS = NO;
				ENABLE_STRICT_OBJC_MSGSEND = YES;
				ENABLE_USER_SCRIPT_SANDBOXING = YES;
				GCC_C_LANGUAGE_STANDARD = gnu17;
				GCC_NO_COMMON_BLOCKS = YES;
				GCC_WARN_64_TO_32_BIT_CONVERSION = YES;
				GCC_WARN_ABOUT_RETURN_TYPE = YES_ERROR;
				GCC_WARN_UNDECLARED_SELECTOR = YES;
				GCC_WARN_UNINITIALIZED_AUTOS = YES_AGGRESSIVE;
				GCC_WARN_UNUSED_FUNCTION = YES;
				GCC_WARN_UNUSED_VARIABLE = YES;
				IPHONEOS_DEPLOYMENT_TARGET = 15.2;
				LOCALIZATION_PREFERS_STRING_CATALOGS = YES;
				MTL_ENABLE_DEBUG_INFO = NO;
				MTL_FAST_MATH = YES;
				SDKROOT = iphoneos;
				SWIFT_COMPILATION_MODE = wholemodule;
				VALIDATE_PRODUCT = YES;
			};
			name = Release;
		};
		1F5786ED2B849AFA00C40B08 /* Debug */ = {
			isa = XCBuildConfiguration;
			baseConfigurationReference = 4096504136FE62FB0887CFD8 /* Pods-dxTimeCapsule.debug.xcconfig */;
			buildSettings = {
				ASSETCATALOG_COMPILER_APPICON_NAME = AppIcon;
				ASSETCATALOG_COMPILER_GLOBAL_ACCENT_COLOR_NAME = AccentColor;
				CODE_SIGN_STYLE = Automatic;
				CURRENT_PROJECT_VERSION = 1;
				ENABLE_USER_SCRIPT_SANDBOXING = NO;
				GENERATE_INFOPLIST_FILE = YES;
				INFOPLIST_FILE = dxTimeCapsule/Info.plist;
				INFOPLIST_KEY_NSCameraUsageDescription = "사진을 추가하기 위해 카메라에 접근이 필요합니다.";
				INFOPLIST_KEY_NSPhotoLibraryAddUsageDescription = "사진을 추가하기 위해 사진 라이브러리에 접근이 필요합니다.";
				INFOPLIST_KEY_UIApplicationSupportsIndirectInputEvents = YES;
				INFOPLIST_KEY_UILaunchStoryboardName = LaunchScreen;
				INFOPLIST_KEY_UISupportedInterfaceOrientations_iPad = "UIInterfaceOrientationPortrait UIInterfaceOrientationPortraitUpsideDown UIInterfaceOrientationLandscapeLeft UIInterfaceOrientationLandscapeRight";
				INFOPLIST_KEY_UISupportedInterfaceOrientations_iPhone = "UIInterfaceOrientationPortrait UIInterfaceOrientationLandscapeLeft UIInterfaceOrientationLandscapeRight";
				IPHONEOS_DEPLOYMENT_TARGET = 16.0;
				LD_RUNPATH_SEARCH_PATHS = (
					"$(inherited)",
					"@executable_path/Frameworks",
				);
				MARKETING_VERSION = 1.0;
				PRODUCT_BUNDLE_IDENTIFIER = com.dxTeam.dxTimeCapsule;
				PRODUCT_NAME = "$(TARGET_NAME)";
				SWIFT_EMIT_LOC_STRINGS = YES;
				SWIFT_VERSION = 5.0;
				TARGETED_DEVICE_FAMILY = "1,2";
			};
			name = Debug;
		};
		1F5786EE2B849AFA00C40B08 /* Release */ = {
			isa = XCBuildConfiguration;
			baseConfigurationReference = 24940157E90C825F0AF8F6E7 /* Pods-dxTimeCapsule.release.xcconfig */;
			buildSettings = {
				ASSETCATALOG_COMPILER_APPICON_NAME = AppIcon;
				ASSETCATALOG_COMPILER_GLOBAL_ACCENT_COLOR_NAME = AccentColor;
				CODE_SIGN_STYLE = Automatic;
				CURRENT_PROJECT_VERSION = 1;
				ENABLE_USER_SCRIPT_SANDBOXING = NO;
				GENERATE_INFOPLIST_FILE = YES;
				INFOPLIST_FILE = dxTimeCapsule/Info.plist;
				INFOPLIST_KEY_NSCameraUsageDescription = "사진을 추가하기 위해 카메라에 접근이 필요합니다.";
				INFOPLIST_KEY_NSPhotoLibraryAddUsageDescription = "사진을 추가하기 위해 사진 라이브러리에 접근이 필요합니다.";
				INFOPLIST_KEY_UIApplicationSupportsIndirectInputEvents = YES;
				INFOPLIST_KEY_UILaunchStoryboardName = LaunchScreen;
				INFOPLIST_KEY_UISupportedInterfaceOrientations_iPad = "UIInterfaceOrientationPortrait UIInterfaceOrientationPortraitUpsideDown UIInterfaceOrientationLandscapeLeft UIInterfaceOrientationLandscapeRight";
				INFOPLIST_KEY_UISupportedInterfaceOrientations_iPhone = "UIInterfaceOrientationPortrait UIInterfaceOrientationLandscapeLeft UIInterfaceOrientationLandscapeRight";
				IPHONEOS_DEPLOYMENT_TARGET = 16.0;
				LD_RUNPATH_SEARCH_PATHS = (
					"$(inherited)",
					"@executable_path/Frameworks",
				);
				MARKETING_VERSION = 1.0;
				PRODUCT_BUNDLE_IDENTIFIER = com.dxTeam.dxTimeCapsule;
				PRODUCT_NAME = "$(TARGET_NAME)";
				SWIFT_EMIT_LOC_STRINGS = YES;
				SWIFT_VERSION = 5.0;
				TARGETED_DEVICE_FAMILY = "1,2";
			};
			name = Release;
		};
/* End XCBuildConfiguration section */

/* Begin XCConfigurationList section */
		1F5786D02B849AF800C40B08 /* Build configuration list for PBXProject "dxTimeCapsule" */ = {
			isa = XCConfigurationList;
			buildConfigurations = (
				1F5786EA2B849AFA00C40B08 /* Debug */,
				1F5786EB2B849AFA00C40B08 /* Release */,
			);
			defaultConfigurationIsVisible = 0;
			defaultConfigurationName = Release;
		};
		1F5786EC2B849AFA00C40B08 /* Build configuration list for PBXNativeTarget "dxTimeCapsule" */ = {
			isa = XCConfigurationList;
			buildConfigurations = (
				1F5786ED2B849AFA00C40B08 /* Debug */,
				1F5786EE2B849AFA00C40B08 /* Release */,
			);
			defaultConfigurationIsVisible = 0;
			defaultConfigurationName = Release;
		};
/* End XCConfigurationList section */
	};
	rootObject = 1F5786CD2B849AF800C40B08 /* Project object */;
}
