// !$*UTF8*$!
{
	archiveVersion = 1;
	classes = {
	};
	objectVersion = 56;
	objects = {

/* Begin PBXBuildFile section */
		1F0D3B2C2B89AA2B00A31E82 /* UploadPhotoViewController.swift in Sources */ = {isa = PBXBuildFile; fileRef = 1F0D3B2B2B89AA2B00A31E82 /* UploadPhotoViewController.swift */; };
		1F0D3B322B89D85500A31E82 /* UploadDeatilViewController.swift in Sources */ = {isa = PBXBuildFile; fileRef = 1F0D3B312B89D85500A31E82 /* UploadDeatilViewController.swift */; };
		1F5786D92B849AF800C40B08 /* AppDelegate.swift in Sources */ = {isa = PBXBuildFile; fileRef = 1F5786D82B849AF800C40B08 /* AppDelegate.swift */; };
		1F5786DB2B849AF800C40B08 /* SceneDelegate.swift in Sources */ = {isa = PBXBuildFile; fileRef = 1F5786DA2B849AF800C40B08 /* SceneDelegate.swift */; };
		1F5786E52B849AFA00C40B08 /* Assets.xcassets in Resources */ = {isa = PBXBuildFile; fileRef = 1F5786E42B849AFA00C40B08 /* Assets.xcassets */; };
		1F5786E82B849AFA00C40B08 /* LaunchScreen.storyboard in Resources */ = {isa = PBXBuildFile; fileRef = 1F5786E62B849AFA00C40B08 /* LaunchScreen.storyboard */; };
		1F5786F22B849CA900C40B08 /* AuthenticationViewModel.swift in Sources */ = {isa = PBXBuildFile; fileRef = 1F5786F12B849CA900C40B08 /* AuthenticationViewModel.swift */; };
		1F5787132B86DBF900C40B08 /* AuthenticationViewController.swift in Sources */ = {isa = PBXBuildFile; fileRef = 1F5787122B86DBF900C40B08 /* AuthenticationViewController.swift */; };
		1FAB4DF62B8C48AF0054618A /* FriendsViewModel.swift in Sources */ = {isa = PBXBuildFile; fileRef = 1FAB4DF52B8C48AF0054618A /* FriendsViewModel.swift */; };
		1FAB4DF82B8C49590054618A /* User.swift in Sources */ = {isa = PBXBuildFile; fileRef = 1FAB4DF72B8C49590054618A /* User.swift */; };
		1FAB4DFA2B8C59210054618A /* GoogleService-Info.plist in Resources */ = {isa = PBXBuildFile; fileRef = 1FAB4DF92B8C59210054618A /* GoogleService-Info.plist */; };
		1FB387352B87A0B300054816 /* SignUpViewController.swift in Sources */ = {isa = PBXBuildFile; fileRef = 1FB387342B87A0B300054816 /* SignUpViewController.swift */; };
		1FB387372B8862AF00054816 /* MainFeedViewController.swift in Sources */ = {isa = PBXBuildFile; fileRef = 1FB387362B8862AF00054816 /* MainFeedViewController.swift */; };
		1FB387392B8863DE00054816 /* HomeViewController.swift in Sources */ = {isa = PBXBuildFile; fileRef = 1FB387382B8863DE00054816 /* HomeViewController.swift */; };
		1FB3873B2B886E9800054816 /* CreationViewController.swift in Sources */ = {isa = PBXBuildFile; fileRef = 1FB3873A2B886E9800054816 /* CreationViewController.swift */; };
		1FB3873E2B88791A00054816 /* TimeCapsuleCreationViewModel.swift in Sources */ = {isa = PBXBuildFile; fileRef = 1FB3873D2B88791A00054816 /* TimeCapsuleCreationViewModel.swift */; };
		1FB387402B8881DB00054816 /* TimeCapsule.swift in Sources */ = {isa = PBXBuildFile; fileRef = 1FB3873F2B8881DB00054816 /* TimeCapsule.swift */; };
		460FE7652B8A1FE500AF8086 /* APIKey.xcconfig in Resources */ = {isa = PBXBuildFile; fileRef = 460FE7642B8A1FE500AF8086 /* APIKey.xcconfig */; };
		460FE7672B8A200D00AF8086 /* LockedCapsuleCell.swift in Sources */ = {isa = PBXBuildFile; fileRef = 460FE7662B8A200D00AF8086 /* LockedCapsuleCell.swift */; };
		46EA9BAE2B89A27E00633EC4 /* CapsuleMapViewController.swift in Sources */ = {isa = PBXBuildFile; fileRef = 46EA9BAD2B89A27E00633EC4 /* CapsuleMapViewController.swift */; };
		4EC308DE2B8A200300EEE54C /* MainCapsuleViewModel.swift in Sources */ = {isa = PBXBuildFile; fileRef = 4EC308DD2B8A200300EEE54C /* MainCapsuleViewModel.swift */; };
		4EC308E02B8A202400EEE54C /* MainCapsuleViewController.swift in Sources */ = {isa = PBXBuildFile; fileRef = 4EC308DF2B8A202400EEE54C /* MainCapsuleViewController.swift */; };
		98B1D72E5D91C0CF51BB1E6F /* Pods_dxTimeCapsule.framework in Frameworks */ = {isa = PBXBuildFile; fileRef = 5C59E911965D15C01F14022D /* Pods_dxTimeCapsule.framework */; };
		D25B20EB2B89CD02006CEED8 /* LaunchScreenViewController.swift in Sources */ = {isa = PBXBuildFile; fileRef = D25B20EA2B89CD02006CEED8 /* LaunchScreenViewController.swift */; };
/* End PBXBuildFile section */

/* Begin PBXFileReference section */
		1F0D3B2B2B89AA2B00A31E82 /* UploadPhotoViewController.swift */ = {isa = PBXFileReference; lastKnownFileType = sourcecode.swift; path = UploadPhotoViewController.swift; sourceTree = "<group>"; };
		1F0D3B312B89D85500A31E82 /* UploadDeatilViewController.swift */ = {isa = PBXFileReference; lastKnownFileType = sourcecode.swift; path = UploadDeatilViewController.swift; sourceTree = "<group>"; };
		1F5786D52B849AF800C40B08 /* dxTimeCapsule.app */ = {isa = PBXFileReference; explicitFileType = wrapper.application; includeInIndex = 0; path = dxTimeCapsule.app; sourceTree = BUILT_PRODUCTS_DIR; };
		1F5786D82B849AF800C40B08 /* AppDelegate.swift */ = {isa = PBXFileReference; lastKnownFileType = sourcecode.swift; path = AppDelegate.swift; sourceTree = "<group>"; };
		1F5786DA2B849AF800C40B08 /* SceneDelegate.swift */ = {isa = PBXFileReference; lastKnownFileType = sourcecode.swift; path = SceneDelegate.swift; sourceTree = "<group>"; };
		1F5786E42B849AFA00C40B08 /* Assets.xcassets */ = {isa = PBXFileReference; lastKnownFileType = folder.assetcatalog; path = Assets.xcassets; sourceTree = "<group>"; };
		1F5786E72B849AFA00C40B08 /* Base */ = {isa = PBXFileReference; lastKnownFileType = file.storyboard; name = Base; path = Base.lproj/LaunchScreen.storyboard; sourceTree = "<group>"; };
		1F5786E92B849AFA00C40B08 /* Info.plist */ = {isa = PBXFileReference; lastKnownFileType = text.plist.xml; path = Info.plist; sourceTree = "<group>"; };
		1F5786F12B849CA900C40B08 /* AuthenticationViewModel.swift */ = {isa = PBXFileReference; lastKnownFileType = sourcecode.swift; path = AuthenticationViewModel.swift; sourceTree = "<group>"; };
		1F5787122B86DBF900C40B08 /* AuthenticationViewController.swift */ = {isa = PBXFileReference; lastKnownFileType = sourcecode.swift; path = AuthenticationViewController.swift; sourceTree = "<group>"; };
		1FAB4DF52B8C48AF0054618A /* FriendsViewModel.swift */ = {isa = PBXFileReference; lastKnownFileType = sourcecode.swift; path = FriendsViewModel.swift; sourceTree = "<group>"; };
		1FAB4DF72B8C49590054618A /* User.swift */ = {isa = PBXFileReference; lastKnownFileType = sourcecode.swift; path = User.swift; sourceTree = "<group>"; };
		1FAB4DF92B8C59210054618A /* GoogleService-Info.plist */ = {isa = PBXFileReference; fileEncoding = 4; lastKnownFileType = text.plist.xml; path = "GoogleService-Info.plist"; sourceTree = "<group>"; };
		1FB387342B87A0B300054816 /* SignUpViewController.swift */ = {isa = PBXFileReference; lastKnownFileType = sourcecode.swift; path = SignUpViewController.swift; sourceTree = "<group>"; };
		1FB387362B8862AF00054816 /* MainFeedViewController.swift */ = {isa = PBXFileReference; lastKnownFileType = sourcecode.swift; path = MainFeedViewController.swift; sourceTree = "<group>"; };
		1FB387382B8863DE00054816 /* HomeViewController.swift */ = {isa = PBXFileReference; lastKnownFileType = sourcecode.swift; path = HomeViewController.swift; sourceTree = "<group>"; };
		1FB3873A2B886E9800054816 /* CreationViewController.swift */ = {isa = PBXFileReference; lastKnownFileType = sourcecode.swift; path = CreationViewController.swift; sourceTree = "<group>"; };
		1FB3873D2B88791A00054816 /* TimeCapsuleCreationViewModel.swift */ = {isa = PBXFileReference; lastKnownFileType = sourcecode.swift; path = TimeCapsuleCreationViewModel.swift; sourceTree = "<group>"; };
		1FB3873F2B8881DB00054816 /* TimeCapsule.swift */ = {isa = PBXFileReference; lastKnownFileType = sourcecode.swift; path = TimeCapsule.swift; sourceTree = "<group>"; };
		460FE7642B8A1FE500AF8086 /* APIKey.xcconfig */ = {isa = PBXFileReference; fileEncoding = 4; lastKnownFileType = text.xcconfig; path = APIKey.xcconfig; sourceTree = "<group>"; };
		460FE7662B8A200D00AF8086 /* LockedCapsuleCell.swift */ = {isa = PBXFileReference; lastKnownFileType = sourcecode.swift; path = LockedCapsuleCell.swift; sourceTree = "<group>"; };
		46EA9BAD2B89A27E00633EC4 /* CapsuleMapViewController.swift */ = {isa = PBXFileReference; lastKnownFileType = sourcecode.swift; path = CapsuleMapViewController.swift; sourceTree = "<group>"; };
		4EC308DD2B8A200300EEE54C /* MainCapsuleViewModel.swift */ = {isa = PBXFileReference; lastKnownFileType = sourcecode.swift; path = MainCapsuleViewModel.swift; sourceTree = "<group>"; };
		4EC308DF2B8A202400EEE54C /* MainCapsuleViewController.swift */ = {isa = PBXFileReference; lastKnownFileType = sourcecode.swift; path = MainCapsuleViewController.swift; sourceTree = "<group>"; };
		5C59E911965D15C01F14022D /* Pods_dxTimeCapsule.framework */ = {isa = PBXFileReference; explicitFileType = wrapper.framework; includeInIndex = 0; path = Pods_dxTimeCapsule.framework; sourceTree = BUILT_PRODUCTS_DIR; };
		7CBEAD0AD7208A95F503F7F0 /* Pods-dxTimeCapsule.release.xcconfig */ = {isa = PBXFileReference; includeInIndex = 1; lastKnownFileType = text.xcconfig; name = "Pods-dxTimeCapsule.release.xcconfig"; path = "Target Support Files/Pods-dxTimeCapsule/Pods-dxTimeCapsule.release.xcconfig"; sourceTree = "<group>"; };
		A8720466EB6EDC06CD2D3BB6 /* Pods-dxTimeCapsule.debug.xcconfig */ = {isa = PBXFileReference; includeInIndex = 1; lastKnownFileType = text.xcconfig; name = "Pods-dxTimeCapsule.debug.xcconfig"; path = "Target Support Files/Pods-dxTimeCapsule/Pods-dxTimeCapsule.debug.xcconfig"; sourceTree = "<group>"; };
		D25B20EA2B89CD02006CEED8 /* LaunchScreenViewController.swift */ = {isa = PBXFileReference; lastKnownFileType = sourcecode.swift; path = LaunchScreenViewController.swift; sourceTree = "<group>"; };
/* End PBXFileReference section */

/* Begin PBXFrameworksBuildPhase section */
		1F5786D22B849AF800C40B08 /* Frameworks */ = {
			isa = PBXFrameworksBuildPhase;
			buildActionMask = 2147483647;
			files = (
				98B1D72E5D91C0CF51BB1E6F /* Pods_dxTimeCapsule.framework in Frameworks */,
			);
			runOnlyForDeploymentPostprocessing = 0;
		};
/* End PBXFrameworksBuildPhase section */

/* Begin PBXGroup section */
		1F5786CC2B849AF800C40B08 = {
			isa = PBXGroup;
			children = (
				1F5786D72B849AF800C40B08 /* dxTimeCapsule */,
				1F5786D62B849AF800C40B08 /* Products */,
				25AD7CDE47BA0E85739F3959 /* Pods */,
				2E48FAF47BEE864F6A3797F3 /* Frameworks */,
			);
			sourceTree = "<group>";
		};
		1F5786D62B849AF800C40B08 /* Products */ = {
			isa = PBXGroup;
			children = (
				1F5786D52B849AF800C40B08 /* dxTimeCapsule.app */,
			);
			name = Products;
			sourceTree = "<group>";
		};
		1F5786D72B849AF800C40B08 /* dxTimeCapsule */ = {
			isa = PBXGroup;
			children = (
				1F5786F52B849D0D00C40B08 /* Model */,
				1F5786EF2B849C2200C40B08 /* ViewModel */,
				1F5786F02B849C2F00C40B08 /* View */,
				1FAB4DEB2B8C238F0054618A /* Resource */,
				1F5786FA2B84D26000C40B08 /* Legercy */,
				1F5786D82B849AF800C40B08 /* AppDelegate.swift */,
				1F5786DA2B849AF800C40B08 /* SceneDelegate.swift */,
				1F5786E42B849AFA00C40B08 /* Assets.xcassets */,
				1F5786E62B849AFA00C40B08 /* LaunchScreen.storyboard */,
				1F5786E92B849AFA00C40B08 /* Info.plist */,
				1FAB4DF92B8C59210054618A /* GoogleService-Info.plist */,
				460FE7642B8A1FE500AF8086 /* APIKey.xcconfig */,
			);
			path = dxTimeCapsule;
			sourceTree = "<group>";
		};
		1F5786EF2B849C2200C40B08 /* ViewModel */ = {
			isa = PBXGroup;
			children = (
				1FB3873D2B88791A00054816 /* TimeCapsuleCreationViewModel.swift */,
				4EC308DD2B8A200300EEE54C /* MainCapsuleViewModel.swift */,
				1F5786F12B849CA900C40B08 /* AuthenticationViewModel.swift */,
				1FAB4DF52B8C48AF0054618A /* FriendsViewModel.swift */,
			);
			name = ViewModel;
			sourceTree = "<group>";
		};
		1F5786F02B849C2F00C40B08 /* View */ = {
			isa = PBXGroup;
			children = (
				1FAB4DED2B8C2AEB0054618A /* Main */,
				1FAB4DEC2B8C29D80054618A /* Authentication */,
				1FB3873C2B886EDA00054816 /* TimeCapsuleUpload */,
				1FAB4DEE2B8C2B800054618A /* Capsule */,
			);
			name = View;
			sourceTree = "<group>";
		};
		1F5786F52B849D0D00C40B08 /* Model */ = {
			isa = PBXGroup;
			children = (
				1FAB4DF72B8C49590054618A /* User.swift */,
				1FB3873F2B8881DB00054816 /* TimeCapsule.swift */,
			);
			name = Model;
			sourceTree = "<group>";
		};
		1F5786FA2B84D26000C40B08 /* Legercy */ = {
			isa = PBXGroup;
			children = (
				1FB3873A2B886E9800054816 /* CreationViewController.swift */,
			);
			name = Legercy;
			sourceTree = "<group>";
		};
		1FAB4DEB2B8C238F0054618A /* Resource */ = {
			isa = PBXGroup;
			children = (
			);
			name = Resource;
			sourceTree = "<group>";
		};
		1FAB4DEC2B8C29D80054618A /* Authentication */ = {
			isa = PBXGroup;
			children = (
				1F5787122B86DBF900C40B08 /* AuthenticationViewController.swift */,
				1FB387342B87A0B300054816 /* SignUpViewController.swift */,
			);
			name = Authentication;
			sourceTree = "<group>";
		};
		1FAB4DED2B8C2AEB0054618A /* Main */ = {
			isa = PBXGroup;
			children = (
				D25B20EA2B89CD02006CEED8 /* LaunchScreenViewController.swift */,
				1FB387382B8863DE00054816 /* HomeViewController.swift */,
				1FB387362B8862AF00054816 /* MainFeedViewController.swift */,
				4EC308DF2B8A202400EEE54C /* MainCapsuleViewController.swift */,
			);
			name = Main;
			sourceTree = "<group>";
		};
		1FAB4DEE2B8C2B800054618A /* Capsule */ = {
			isa = PBXGroup;
			children = (
				460FE7662B8A200D00AF8086 /* LockedCapsuleCell.swift */,
				46EA9BAD2B89A27E00633EC4 /* CapsuleMapViewController.swift */,
			);
			name = Capsule;
			sourceTree = "<group>";
		};
		1FB3873C2B886EDA00054816 /* TimeCapsuleUpload */ = {
			isa = PBXGroup;
			children = (
				1F0D3B2B2B89AA2B00A31E82 /* UploadPhotoViewController.swift */,
				1F0D3B312B89D85500A31E82 /* UploadDeatilViewController.swift */,
			);
			name = TimeCapsuleUpload;
			sourceTree = "<group>";
		};
		25AD7CDE47BA0E85739F3959 /* Pods */ = {
			isa = PBXGroup;
			children = (
				A8720466EB6EDC06CD2D3BB6 /* Pods-dxTimeCapsule.debug.xcconfig */,
				7CBEAD0AD7208A95F503F7F0 /* Pods-dxTimeCapsule.release.xcconfig */,
			);
			path = Pods;
			sourceTree = "<group>";
		};
		2E48FAF47BEE864F6A3797F3 /* Frameworks */ = {
			isa = PBXGroup;
			children = (
				5C59E911965D15C01F14022D /* Pods_dxTimeCapsule.framework */,
			);
			name = Frameworks;
			sourceTree = "<group>";
		};
/* End PBXGroup section */

/* Begin PBXNativeTarget section */
		1F5786D42B849AF800C40B08 /* dxTimeCapsule */ = {
			isa = PBXNativeTarget;
			buildConfigurationList = 1F5786EC2B849AFA00C40B08 /* Build configuration list for PBXNativeTarget "dxTimeCapsule" */;
			buildPhases = (
				500FB8AF35074100C46A732D /* [CP] Check Pods Manifest.lock */,
				1F5786D12B849AF800C40B08 /* Sources */,
				1F5786D22B849AF800C40B08 /* Frameworks */,
				1F5786D32B849AF800C40B08 /* Resources */,
				B9F7B45B4C217E81FF5E3F2B /* [CP] Embed Pods Frameworks */,
			);
			buildRules = (
			);
			dependencies = (
			);
			name = dxTimeCapsule;
			productName = dxTimeCapsule;
			productReference = 1F5786D52B849AF800C40B08 /* dxTimeCapsule.app */;
			productType = "com.apple.product-type.application";
		};
/* End PBXNativeTarget section */

/* Begin PBXProject section */
		1F5786CD2B849AF800C40B08 /* Project object */ = {
			isa = PBXProject;
			attributes = {
				BuildIndependentTargetsInParallel = 1;
				LastSwiftUpdateCheck = 1520;
				LastUpgradeCheck = 1520;
				TargetAttributes = {
					1F5786D42B849AF800C40B08 = {
						CreatedOnToolsVersion = 15.2;
					};
				};
			};
			buildConfigurationList = 1F5786D02B849AF800C40B08 /* Build configuration list for PBXProject "dxTimeCapsule" */;
			compatibilityVersion = "Xcode 14.0";
			developmentRegion = en;
			hasScannedForEncodings = 0;
			knownRegions = (
				en,
				Base,
			);
			mainGroup = 1F5786CC2B849AF800C40B08;
			productRefGroup = 1F5786D62B849AF800C40B08 /* Products */;
			projectDirPath = "";
			projectRoot = "";
			targets = (
				1F5786D42B849AF800C40B08 /* dxTimeCapsule */,
			);
		};
/* End PBXProject section */

/* Begin PBXResourcesBuildPhase section */
		1F5786D32B849AF800C40B08 /* Resources */ = {
			isa = PBXResourcesBuildPhase;
			buildActionMask = 2147483647;
			files = (
				1F5786E82B849AFA00C40B08 /* LaunchScreen.storyboard in Resources */,
				1FAB4DFA2B8C59210054618A /* GoogleService-Info.plist in Resources */,
				460FE7652B8A1FE500AF8086 /* APIKey.xcconfig in Resources */,
				1F5786E52B849AFA00C40B08 /* Assets.xcassets in Resources */,
			);
			runOnlyForDeploymentPostprocessing = 0;
		};
/* End PBXResourcesBuildPhase section */

/* Begin PBXShellScriptBuildPhase section */
		500FB8AF35074100C46A732D /* [CP] Check Pods Manifest.lock */ = {
			isa = PBXShellScriptBuildPhase;
			buildActionMask = 2147483647;
			files = (
			);
			inputFileListPaths = (
			);
			inputPaths = (
				"${PODS_PODFILE_DIR_PATH}/Podfile.lock",
				"${PODS_ROOT}/Manifest.lock",
			);
			name = "[CP] Check Pods Manifest.lock";
			outputFileListPaths = (
			);
			outputPaths = (
				"$(DERIVED_FILE_DIR)/Pods-dxTimeCapsule-checkManifestLockResult.txt",
			);
			runOnlyForDeploymentPostprocessing = 0;
			shellPath = /bin/sh;
			shellScript = "diff \"${PODS_PODFILE_DIR_PATH}/Podfile.lock\" \"${PODS_ROOT}/Manifest.lock\" > /dev/null\nif [ $? != 0 ] ; then\n    # print error to STDERR\n    echo \"error: The sandbox is not in sync with the Podfile.lock. Run 'pod install' or update your CocoaPods installation.\" >&2\n    exit 1\nfi\n# This output is used by Xcode 'outputs' to avoid re-running this script phase.\necho \"SUCCESS\" > \"${SCRIPT_OUTPUT_FILE_0}\"\n";
			showEnvVarsInLog = 0;
		};
		B9F7B45B4C217E81FF5E3F2B /* [CP] Embed Pods Frameworks */ = {
			isa = PBXShellScriptBuildPhase;
			buildActionMask = 2147483647;
			files = (
			);
			inputFileListPaths = (
				"${PODS_ROOT}/Target Support Files/Pods-dxTimeCapsule/Pods-dxTimeCapsule-frameworks-${CONFIGURATION}-input-files.xcfilelist",
			);
			name = "[CP] Embed Pods Frameworks";
			outputFileListPaths = (
				"${PODS_ROOT}/Target Support Files/Pods-dxTimeCapsule/Pods-dxTimeCapsule-frameworks-${CONFIGURATION}-output-files.xcfilelist",
			);
			runOnlyForDeploymentPostprocessing = 0;
			shellPath = /bin/sh;
			shellScript = "\"${PODS_ROOT}/Target Support Files/Pods-dxTimeCapsule/Pods-dxTimeCapsule-frameworks.sh\"\n";
			showEnvVarsInLog = 0;
		};
/* End PBXShellScriptBuildPhase section */

/* Begin PBXSourcesBuildPhase section */
		1F5786D12B849AF800C40B08 /* Sources */ = {
			isa = PBXSourcesBuildPhase;
			buildActionMask = 2147483647;
			files = (
				4EC308E02B8A202400EEE54C /* MainCapsuleViewController.swift in Sources */,
				46EA9BAE2B89A27E00633EC4 /* CapsuleMapViewController.swift in Sources */,
				460FE7672B8A200D00AF8086 /* LockedCapsuleCell.swift in Sources */,
				1F5786D92B849AF800C40B08 /* AppDelegate.swift in Sources */,
				1FB387352B87A0B300054816 /* SignUpViewController.swift in Sources */,
				4EC308DE2B8A200300EEE54C /* MainCapsuleViewModel.swift in Sources */,
				1F0D3B322B89D85500A31E82 /* UploadDeatilViewController.swift in Sources */,
				1FB3873B2B886E9800054816 /* CreationViewController.swift in Sources */,
				1FAB4DF82B8C49590054618A /* User.swift in Sources */,
				1F5786DB2B849AF800C40B08 /* SceneDelegate.swift in Sources */,
				1FAB4DF62B8C48AF0054618A /* FriendsViewModel.swift in Sources */,
				1F5787132B86DBF900C40B08 /* AuthenticationViewController.swift in Sources */,
				1FB387402B8881DB00054816 /* TimeCapsule.swift in Sources */,
				1FB387392B8863DE00054816 /* HomeViewController.swift in Sources */,
				1F5786F22B849CA900C40B08 /* AuthenticationViewModel.swift in Sources */,
				1FB387372B8862AF00054816 /* MainFeedViewController.swift in Sources */,
				1FB3873E2B88791A00054816 /* TimeCapsuleCreationViewModel.swift in Sources */,
				D25B20EB2B89CD02006CEED8 /* LaunchScreenViewController.swift in Sources */,
				1F0D3B2C2B89AA2B00A31E82 /* UploadPhotoViewController.swift in Sources */,
			);
			runOnlyForDeploymentPostprocessing = 0;
		};
/* End PBXSourcesBuildPhase section */

/* Begin PBXVariantGroup section */
		1F5786E62B849AFA00C40B08 /* LaunchScreen.storyboard */ = {
			isa = PBXVariantGroup;
			children = (
				1F5786E72B849AFA00C40B08 /* Base */,
			);
			name = LaunchScreen.storyboard;
			sourceTree = "<group>";
		};
/* End PBXVariantGroup section */

/* Begin XCBuildConfiguration section */
		1F5786EA2B849AFA00C40B08 /* Debug */ = {
			isa = XCBuildConfiguration;
			buildSettings = {
				ALWAYS_SEARCH_USER_PATHS = NO;
				ASSETCATALOG_COMPILER_GENERATE_SWIFT_ASSET_SYMBOL_EXTENSIONS = YES;
				CLANG_ANALYZER_NONNULL = YES;
				CLANG_ANALYZER_NUMBER_OBJECT_CONVERSION = YES_AGGRESSIVE;
				CLANG_CXX_LANGUAGE_STANDARD = "gnu++20";
				CLANG_ENABLE_MODULES = YES;
				CLANG_ENABLE_OBJC_ARC = YES;
				CLANG_ENABLE_OBJC_WEAK = YES;
				CLANG_WARN_BLOCK_CAPTURE_AUTORELEASING = YES;
				CLANG_WARN_BOOL_CONVERSION = YES;
				CLANG_WARN_COMMA = YES;
				CLANG_WARN_CONSTANT_CONVERSION = YES;
				CLANG_WARN_DEPRECATED_OBJC_IMPLEMENTATIONS = YES;
				CLANG_WARN_DIRECT_OBJC_ISA_USAGE = YES_ERROR;
				CLANG_WARN_DOCUMENTATION_COMMENTS = YES;
				CLANG_WARN_EMPTY_BODY = YES;
				CLANG_WARN_ENUM_CONVERSION = YES;
				CLANG_WARN_INFINITE_RECURSION = YES;
				CLANG_WARN_INT_CONVERSION = YES;
				CLANG_WARN_NON_LITERAL_NULL_CONVERSION = YES;
				CLANG_WARN_OBJC_IMPLICIT_RETAIN_SELF = YES;
				CLANG_WARN_OBJC_LITERAL_CONVERSION = YES;
				CLANG_WARN_OBJC_ROOT_CLASS = YES_ERROR;
				CLANG_WARN_QUOTED_INCLUDE_IN_FRAMEWORK_HEADER = YES;
				CLANG_WARN_RANGE_LOOP_ANALYSIS = YES;
				CLANG_WARN_STRICT_PROTOTYPES = YES;
				CLANG_WARN_SUSPICIOUS_MOVE = YES;
				CLANG_WARN_UNGUARDED_AVAILABILITY = YES_AGGRESSIVE;
				CLANG_WARN_UNREACHABLE_CODE = YES;
				CLANG_WARN__DUPLICATE_METHOD_MATCH = YES;
				COPY_PHASE_STRIP = NO;
				DEBUG_INFORMATION_FORMAT = dwarf;
				ENABLE_STRICT_OBJC_MSGSEND = YES;
				ENABLE_TESTABILITY = YES;
				ENABLE_USER_SCRIPT_SANDBOXING = YES;
				GCC_C_LANGUAGE_STANDARD = gnu17;
				GCC_DYNAMIC_NO_PIC = NO;
				GCC_NO_COMMON_BLOCKS = YES;
				GCC_OPTIMIZATION_LEVEL = 0;
				GCC_PREPROCESSOR_DEFINITIONS = (
					"DEBUG=1",
					"$(inherited)",
				);
				GCC_WARN_64_TO_32_BIT_CONVERSION = YES;
				GCC_WARN_ABOUT_RETURN_TYPE = YES_ERROR;
				GCC_WARN_UNDECLARED_SELECTOR = YES;
				GCC_WARN_UNINITIALIZED_AUTOS = YES_AGGRESSIVE;
				GCC_WARN_UNUSED_FUNCTION = YES;
				GCC_WARN_UNUSED_VARIABLE = YES;
				IPHONEOS_DEPLOYMENT_TARGET = 17.2;
				LOCALIZATION_PREFERS_STRING_CATALOGS = YES;
				MTL_ENABLE_DEBUG_INFO = INCLUDE_SOURCE;
				MTL_FAST_MATH = YES;
				ONLY_ACTIVE_ARCH = YES;
				SDKROOT = iphoneos;
				SWIFT_ACTIVE_COMPILATION_CONDITIONS = "DEBUG $(inherited)";
				SWIFT_OPTIMIZATION_LEVEL = "-Onone";
			};
			name = Debug;
		};
		1F5786EB2B849AFA00C40B08 /* Release */ = {
			isa = XCBuildConfiguration;
			buildSettings = {
				ALWAYS_SEARCH_USER_PATHS = NO;
				ASSETCATALOG_COMPILER_GENERATE_SWIFT_ASSET_SYMBOL_EXTENSIONS = YES;
				CLANG_ANALYZER_NONNULL = YES;
				CLANG_ANALYZER_NUMBER_OBJECT_CONVERSION = YES_AGGRESSIVE;
				CLANG_CXX_LANGUAGE_STANDARD = "gnu++20";
				CLANG_ENABLE_MODULES = YES;
				CLANG_ENABLE_OBJC_ARC = YES;
				CLANG_ENABLE_OBJC_WEAK = YES;
				CLANG_WARN_BLOCK_CAPTURE_AUTORELEASING = YES;
				CLANG_WARN_BOOL_CONVERSION = YES;
				CLANG_WARN_COMMA = YES;
				CLANG_WARN_CONSTANT_CONVERSION = YES;
				CLANG_WARN_DEPRECATED_OBJC_IMPLEMENTATIONS = YES;
				CLANG_WARN_DIRECT_OBJC_ISA_USAGE = YES_ERROR;
				CLANG_WARN_DOCUMENTATION_COMMENTS = YES;
				CLANG_WARN_EMPTY_BODY = YES;
				CLANG_WARN_ENUM_CONVERSION = YES;
				CLANG_WARN_INFINITE_RECURSION = YES;
				CLANG_WARN_INT_CONVERSION = YES;
				CLANG_WARN_NON_LITERAL_NULL_CONVERSION = YES;
				CLANG_WARN_OBJC_IMPLICIT_RETAIN_SELF = YES;
				CLANG_WARN_OBJC_LITERAL_CONVERSION = YES;
				CLANG_WARN_OBJC_ROOT_CLASS = YES_ERROR;
				CLANG_WARN_QUOTED_INCLUDE_IN_FRAMEWORK_HEADER = YES;
				CLANG_WARN_RANGE_LOOP_ANALYSIS = YES;
				CLANG_WARN_STRICT_PROTOTYPES = YES;
				CLANG_WARN_SUSPICIOUS_MOVE = YES;
				CLANG_WARN_UNGUARDED_AVAILABILITY = YES_AGGRESSIVE;
				CLANG_WARN_UNREACHABLE_CODE = YES;
				CLANG_WARN__DUPLICATE_METHOD_MATCH = YES;
				COPY_PHASE_STRIP = NO;
				DEBUG_INFORMATION_FORMAT = "dwarf-with-dsym";
				ENABLE_NS_ASSERTIONS = NO;
				ENABLE_STRICT_OBJC_MSGSEND = YES;
				ENABLE_USER_SCRIPT_SANDBOXING = YES;
				GCC_C_LANGUAGE_STANDARD = gnu17;
				GCC_NO_COMMON_BLOCKS = YES;
				GCC_WARN_64_TO_32_BIT_CONVERSION = YES;
				GCC_WARN_ABOUT_RETURN_TYPE = YES_ERROR;
				GCC_WARN_UNDECLARED_SELECTOR = YES;
				GCC_WARN_UNINITIALIZED_AUTOS = YES_AGGRESSIVE;
				GCC_WARN_UNUSED_FUNCTION = YES;
				GCC_WARN_UNUSED_VARIABLE = YES;
				IPHONEOS_DEPLOYMENT_TARGET = 17.2;
				LOCALIZATION_PREFERS_STRING_CATALOGS = YES;
				MTL_ENABLE_DEBUG_INFO = NO;
				MTL_FAST_MATH = YES;
				SDKROOT = iphoneos;
				SWIFT_COMPILATION_MODE = wholemodule;
				VALIDATE_PRODUCT = YES;
			};
			name = Release;
		};
		1F5786ED2B849AFA00C40B08 /* Debug */ = {
			isa = XCBuildConfiguration;
			baseConfigurationReference = A8720466EB6EDC06CD2D3BB6 /* Pods-dxTimeCapsule.debug.xcconfig */;
			buildSettings = {
				ASSETCATALOG_COMPILER_APPICON_NAME = AppIcon;
				ASSETCATALOG_COMPILER_GLOBAL_ACCENT_COLOR_NAME = AccentColor;
				CODE_SIGN_STYLE = Automatic;
				CURRENT_PROJECT_VERSION = 1;
				ENABLE_USER_SCRIPT_SANDBOXING = NO;
				GENERATE_INFOPLIST_FILE = YES;
				INFOPLIST_FILE = dxTimeCapsule/Info.plist;
				INFOPLIST_KEY_UIApplicationSupportsIndirectInputEvents = YES;
				INFOPLIST_KEY_UILaunchStoryboardName = LaunchScreen;
				INFOPLIST_KEY_UISupportedInterfaceOrientations_iPad = "UIInterfaceOrientationPortrait UIInterfaceOrientationPortraitUpsideDown UIInterfaceOrientationLandscapeLeft UIInterfaceOrientationLandscapeRight";
				INFOPLIST_KEY_UISupportedInterfaceOrientations_iPhone = "UIInterfaceOrientationPortrait UIInterfaceOrientationLandscapeLeft UIInterfaceOrientationLandscapeRight";
				IPHONEOS_DEPLOYMENT_TARGET = 15.2;
				LD_RUNPATH_SEARCH_PATHS = (
					"$(inherited)",
					"@executable_path/Frameworks",
				);
				MARKETING_VERSION = 1.0;
				PRODUCT_BUNDLE_IDENTIFIER = "NB-dxTeam.dxTimeCapsule";
				PRODUCT_NAME = "$(TARGET_NAME)";
				SWIFT_EMIT_LOC_STRINGS = YES;
				SWIFT_VERSION = 5.0;
				TARGETED_DEVICE_FAMILY = "1,2";
			};
			name = Debug;
		};
		1F5786EE2B849AFA00C40B08 /* Release */ = {
			isa = XCBuildConfiguration;
			baseConfigurationReference = 7CBEAD0AD7208A95F503F7F0 /* Pods-dxTimeCapsule.release.xcconfig */;
			buildSettings = {
				ASSETCATALOG_COMPILER_APPICON_NAME = AppIcon;
				ASSETCATALOG_COMPILER_GLOBAL_ACCENT_COLOR_NAME = AccentColor;
				CODE_SIGN_STYLE = Automatic;
				CURRENT_PROJECT_VERSION = 1;
				ENABLE_USER_SCRIPT_SANDBOXING = NO;
				GENERATE_INFOPLIST_FILE = YES;
				INFOPLIST_FILE = dxTimeCapsule/Info.plist;
				INFOPLIST_KEY_UIApplicationSupportsIndirectInputEvents = YES;
				INFOPLIST_KEY_UILaunchStoryboardName = LaunchScreen;
				INFOPLIST_KEY_UISupportedInterfaceOrientations_iPad = "UIInterfaceOrientationPortrait UIInterfaceOrientationPortraitUpsideDown UIInterfaceOrientationLandscapeLeft UIInterfaceOrientationLandscapeRight";
				INFOPLIST_KEY_UISupportedInterfaceOrientations_iPhone = "UIInterfaceOrientationPortrait UIInterfaceOrientationLandscapeLeft UIInterfaceOrientationLandscapeRight";
				IPHONEOS_DEPLOYMENT_TARGET = 15.2;
				LD_RUNPATH_SEARCH_PATHS = (
					"$(inherited)",
					"@executable_path/Frameworks",
				);
				MARKETING_VERSION = 1.0;
				PRODUCT_BUNDLE_IDENTIFIER = "NB-dxTeam.dxTimeCapsule";
				PRODUCT_NAME = "$(TARGET_NAME)";
				SWIFT_EMIT_LOC_STRINGS = YES;
				SWIFT_VERSION = 5.0;
				TARGETED_DEVICE_FAMILY = "1,2";
			};
			name = Release;
		};
/* End XCBuildConfiguration section */

/* Begin XCConfigurationList section */
		1F5786D02B849AF800C40B08 /* Build configuration list for PBXProject "dxTimeCapsule" */ = {
			isa = XCConfigurationList;
			buildConfigurations = (
				1F5786EA2B849AFA00C40B08 /* Debug */,
				1F5786EB2B849AFA00C40B08 /* Release */,
			);
			defaultConfigurationIsVisible = 0;
			defaultConfigurationName = Release;
		};
		1F5786EC2B849AFA00C40B08 /* Build configuration list for PBXNativeTarget "dxTimeCapsule" */ = {
			isa = XCConfigurationList;
			buildConfigurations = (
				1F5786ED2B849AFA00C40B08 /* Debug */,
				1F5786EE2B849AFA00C40B08 /* Release */,
			);
			defaultConfigurationIsVisible = 0;
			defaultConfigurationName = Release;
		};
/* End XCConfigurationList section */
	};
	rootObject = 1F5786CD2B849AF800C40B08 /* Project object */;
}
