// !$*UTF8*$!
{
	archiveVersion = 1;
	classes = {
	};
	objectVersion = 56;
	objects = {

/* Begin PBXBuildFile section */
		1F5786D92B849AF800C40B08 /* AppDelegate.swift in Sources */ = {isa = PBXBuildFile; fileRef = 1F5786D82B849AF800C40B08 /* AppDelegate.swift */; };
		1F5786DB2B849AF800C40B08 /* SceneDelegate.swift in Sources */ = {isa = PBXBuildFile; fileRef = 1F5786DA2B849AF800C40B08 /* SceneDelegate.swift */; };
		1F5786E52B849AFA00C40B08 /* Assets.xcassets in Resources */ = {isa = PBXBuildFile; fileRef = 1F5786E42B849AFA00C40B08 /* Assets.xcassets */; };
		1F5786E82B849AFA00C40B08 /* LaunchScreen.storyboard in Resources */ = {isa = PBXBuildFile; fileRef = 1F5786E62B849AFA00C40B08 /* LaunchScreen.storyboard */; };
		1F5786F22B849CA900C40B08 /* MainTabViewController.swift in Sources */ = {isa = PBXBuildFile; fileRef = 1F5786F12B849CA900C40B08 /* MainTabViewController.swift */; };
		1F5786F42B849D0900C40B08 /* MainTabView.swift in Sources */ = {isa = PBXBuildFile; fileRef = 1F5786F32B849D0900C40B08 /* MainTabView.swift */; };
		1F5786F72B849D1E00C40B08 /* MainTabModel.swift in Sources */ = {isa = PBXBuildFile; fileRef = 1F5786F62B849D1E00C40B08 /* MainTabModel.swift */; };
		1F5786FC2B84D5F200C40B08 /* TimeCapsuleModel.swift in Sources */ = {isa = PBXBuildFile; fileRef = 1F5786FB2B84D5F200C40B08 /* TimeCapsuleModel.swift */; };
		1F5786FE2B84D69600C40B08 /* TimeCapsuleViewController.swift in Sources */ = {isa = PBXBuildFile; fileRef = 1F5786FD2B84D69600C40B08 /* TimeCapsuleViewController.swift */; };
		1F5787002B84DAC200C40B08 /* GoogleService-Info.plist in Resources */ = {isa = PBXBuildFile; fileRef = 1F5786FF2B84DAC100C40B08 /* GoogleService-Info.plist */; };
		1F5787062B85949100C40B08 /* TimeCapsuleView.swift in Sources */ = {isa = PBXBuildFile; fileRef = 1F5787052B85949100C40B08 /* TimeCapsuleView.swift */; };
		1F5787092B85B47700C40B08 /* HomeViewController.swift in Sources */ = {isa = PBXBuildFile; fileRef = 1F5787082B85B47700C40B08 /* HomeViewController.swift */; };
		1F57870B2B85B48500C40B08 /* FriendListViewController.swift in Sources */ = {isa = PBXBuildFile; fileRef = 1F57870A2B85B48500C40B08 /* FriendListViewController.swift */; };
		1F57870D2B85B48D00C40B08 /* PostUploadViewController.swift in Sources */ = {isa = PBXBuildFile; fileRef = 1F57870C2B85B48D00C40B08 /* PostUploadViewController.swift */; };
		1F57870F2B85B49900C40B08 /* MyTimeCapsuleViewController.swift in Sources */ = {isa = PBXBuildFile; fileRef = 1F57870E2B85B49900C40B08 /* MyTimeCapsuleViewController.swift */; };
		1F5787112B85B4AA00C40B08 /* ProfileViewController.swift in Sources */ = {isa = PBXBuildFile; fileRef = 1F5787102B85B4AA00C40B08 /* ProfileViewController.swift */; };
		E78B6E77D4BF46A2A0DBDD7C /* Pods_dxTimeCapsule.framework in Frameworks */ = {isa = PBXBuildFile; fileRef = 7393F25B661CF5EEDDA14271 /* Pods_dxTimeCapsule.framework */; };
/* End PBXBuildFile section */

/* Begin PBXFileReference section */
		1F5786D52B849AF800C40B08 /* dxTimeCapsule.app */ = {isa = PBXFileReference; explicitFileType = wrapper.application; includeInIndex = 0; path = dxTimeCapsule.app; sourceTree = BUILT_PRODUCTS_DIR; };
		1F5786D82B849AF800C40B08 /* AppDelegate.swift */ = {isa = PBXFileReference; lastKnownFileType = sourcecode.swift; path = AppDelegate.swift; sourceTree = "<group>"; };
		1F5786DA2B849AF800C40B08 /* SceneDelegate.swift */ = {isa = PBXFileReference; lastKnownFileType = sourcecode.swift; path = SceneDelegate.swift; sourceTree = "<group>"; };
		1F5786E42B849AFA00C40B08 /* Assets.xcassets */ = {isa = PBXFileReference; lastKnownFileType = folder.assetcatalog; path = Assets.xcassets; sourceTree = "<group>"; };
		1F5786E72B849AFA00C40B08 /* Base */ = {isa = PBXFileReference; lastKnownFileType = file.storyboard; name = Base; path = Base.lproj/LaunchScreen.storyboard; sourceTree = "<group>"; };
		1F5786E92B849AFA00C40B08 /* Info.plist */ = {isa = PBXFileReference; lastKnownFileType = text.plist.xml; path = Info.plist; sourceTree = "<group>"; };
		1F5786F12B849CA900C40B08 /* MainTabViewController.swift */ = {isa = PBXFileReference; lastKnownFileType = sourcecode.swift; path = MainTabViewController.swift; sourceTree = "<group>"; };
		1F5786F32B849D0900C40B08 /* MainTabView.swift */ = {isa = PBXFileReference; lastKnownFileType = sourcecode.swift; path = MainTabView.swift; sourceTree = "<group>"; };
		1F5786F62B849D1E00C40B08 /* MainTabModel.swift */ = {isa = PBXFileReference; lastKnownFileType = sourcecode.swift; path = MainTabModel.swift; sourceTree = "<group>"; };
		1F5786FB2B84D5F200C40B08 /* TimeCapsuleModel.swift */ = {isa = PBXFileReference; lastKnownFileType = sourcecode.swift; path = TimeCapsuleModel.swift; sourceTree = "<group>"; };
		1F5786FD2B84D69600C40B08 /* TimeCapsuleViewController.swift */ = {isa = PBXFileReference; lastKnownFileType = sourcecode.swift; path = TimeCapsuleViewController.swift; sourceTree = "<group>"; };
		1F5786FF2B84DAC100C40B08 /* GoogleService-Info.plist */ = {isa = PBXFileReference; fileEncoding = 4; lastKnownFileType = text.plist.xml; path = "GoogleService-Info.plist"; sourceTree = "<group>"; };
		1F5787052B85949100C40B08 /* TimeCapsuleView.swift */ = {isa = PBXFileReference; lastKnownFileType = sourcecode.swift; path = TimeCapsuleView.swift; sourceTree = "<group>"; };
		1F5787082B85B47700C40B08 /* HomeViewController.swift */ = {isa = PBXFileReference; lastKnownFileType = sourcecode.swift; path = HomeViewController.swift; sourceTree = "<group>"; };
		1F57870A2B85B48500C40B08 /* FriendListViewController.swift */ = {isa = PBXFileReference; lastKnownFileType = sourcecode.swift; path = FriendListViewController.swift; sourceTree = "<group>"; };
		1F57870C2B85B48D00C40B08 /* PostUploadViewController.swift */ = {isa = PBXFileReference; lastKnownFileType = sourcecode.swift; path = PostUploadViewController.swift; sourceTree = "<group>"; };
		1F57870E2B85B49900C40B08 /* MyTimeCapsuleViewController.swift */ = {isa = PBXFileReference; lastKnownFileType = sourcecode.swift; path = MyTimeCapsuleViewController.swift; sourceTree = "<group>"; };
		1F5787102B85B4AA00C40B08 /* ProfileViewController.swift */ = {isa = PBXFileReference; lastKnownFileType = sourcecode.swift; path = ProfileViewController.swift; sourceTree = "<group>"; };
		2E00AB31CA1D86FBB97D9F95 /* Pods-dxTimeCapsule.debug.xcconfig */ = {isa = PBXFileReference; includeInIndex = 1; lastKnownFileType = text.xcconfig; name = "Pods-dxTimeCapsule.debug.xcconfig"; path = "Target Support Files/Pods-dxTimeCapsule/Pods-dxTimeCapsule.debug.xcconfig"; sourceTree = "<group>"; };
		638BAC997222CF132B3F1215 /* Pods-dxTimeCapsule.release.xcconfig */ = {isa = PBXFileReference; includeInIndex = 1; lastKnownFileType = text.xcconfig; name = "Pods-dxTimeCapsule.release.xcconfig"; path = "Target Support Files/Pods-dxTimeCapsule/Pods-dxTimeCapsule.release.xcconfig"; sourceTree = "<group>"; };
		7393F25B661CF5EEDDA14271 /* Pods_dxTimeCapsule.framework */ = {isa = PBXFileReference; explicitFileType = wrapper.framework; includeInIndex = 0; path = Pods_dxTimeCapsule.framework; sourceTree = BUILT_PRODUCTS_DIR; };
/* End PBXFileReference section */

/* Begin PBXFrameworksBuildPhase section */
		1F5786D22B849AF800C40B08 /* Frameworks */ = {
			isa = PBXFrameworksBuildPhase;
			buildActionMask = 2147483647;
			files = (
				E78B6E77D4BF46A2A0DBDD7C /* Pods_dxTimeCapsule.framework in Frameworks */,
			);
			runOnlyForDeploymentPostprocessing = 0;
		};
/* End PBXFrameworksBuildPhase section */

/* Begin PBXGroup section */
		1F5786CC2B849AF800C40B08 = {
			isa = PBXGroup;
			children = (
				1F5786D72B849AF800C40B08 /* dxTimeCapsule */,
				1F5786D62B849AF800C40B08 /* Products */,
				25AD7CDE47BA0E85739F3959 /* Pods */,
				4D979F591EA8B0E59F28B398 /* Frameworks */,
			);
			sourceTree = "<group>";
		};
		1F5786D62B849AF800C40B08 /* Products */ = {
			isa = PBXGroup;
			children = (
				1F5786D52B849AF800C40B08 /* dxTimeCapsule.app */,
			);
			name = Products;
			sourceTree = "<group>";
		};
		1F5786D72B849AF800C40B08 /* dxTimeCapsule */ = {
			isa = PBXGroup;
			children = (
				1F5786F52B849D0D00C40B08 /* Model */,
				1F5786F02B849C2F00C40B08 /* View */,
				1F5786EF2B849C2200C40B08 /* ViewModel */,
				1F5786F82B84C45C00C40B08 /* Services */,
				1F5786FA2B84D26000C40B08 /* Database */,
				1F5786D82B849AF800C40B08 /* AppDelegate.swift */,
				1F5786DA2B849AF800C40B08 /* SceneDelegate.swift */,
				1F5786E42B849AFA00C40B08 /* Assets.xcassets */,
				1F5786E62B849AFA00C40B08 /* LaunchScreen.storyboard */,
				1F5786E92B849AFA00C40B08 /* Info.plist */,
				1F5786FF2B84DAC100C40B08 /* GoogleService-Info.plist */,
			);
			path = dxTimeCapsule;
			sourceTree = "<group>";
		};
		1F5786EF2B849C2200C40B08 /* ViewModel */ = {
			isa = PBXGroup;
			children = (
				1F5786F12B849CA900C40B08 /* MainTabViewController.swift */,
				1F5787072B85B45D00C40B08 /* TabViw */,
				1F5786FD2B84D69600C40B08 /* TimeCapsuleViewController.swift */,
			);
			name = ViewModel;
			sourceTree = "<group>";
		};
		1F5786F02B849C2F00C40B08 /* View */ = {
			isa = PBXGroup;
			children = (
				1F5786F32B849D0900C40B08 /* MainTabView.swift */,
				1F5787052B85949100C40B08 /* TimeCapsuleView.swift */,
			);
			name = View;
			sourceTree = "<group>";
		};
		1F5786F52B849D0D00C40B08 /* Model */ = {
			isa = PBXGroup;
			children = (
				1F5786F62B849D1E00C40B08 /* MainTabModel.swift */,
				1F5786FB2B84D5F200C40B08 /* TimeCapsuleModel.swift */,
			);
			name = Model;
			sourceTree = "<group>";
		};
		1F5786F82B84C45C00C40B08 /* Services */ = {
			isa = PBXGroup;
			children = (
				1F5786F92B84C46800C40B08 /* LocationService */,
			);
			name = Services;
			sourceTree = "<group>";
		};
		1F5786F92B84C46800C40B08 /* LocationService */ = {
			isa = PBXGroup;
			children = (
			);
			name = LocationService;
			sourceTree = "<group>";
		};
		1F5786FA2B84D26000C40B08 /* Database */ = {
			isa = PBXGroup;
			children = (
			);
			name = Database;
			sourceTree = "<group>";
		};
		1F5787072B85B45D00C40B08 /* TabViw */ = {
			isa = PBXGroup;
			children = (
				1F5787082B85B47700C40B08 /* HomeViewController.swift */,
				1F57870A2B85B48500C40B08 /* FriendListViewController.swift */,
				1F57870C2B85B48D00C40B08 /* PostUploadViewController.swift */,
				1F57870E2B85B49900C40B08 /* MyTimeCapsuleViewController.swift */,
				1F5787102B85B4AA00C40B08 /* ProfileViewController.swift */,
			);
			name = TabViw;
			sourceTree = "<group>";
		};
		25AD7CDE47BA0E85739F3959 /* Pods */ = {
			isa = PBXGroup;
			children = (
				2E00AB31CA1D86FBB97D9F95 /* Pods-dxTimeCapsule.debug.xcconfig */,
				638BAC997222CF132B3F1215 /* Pods-dxTimeCapsule.release.xcconfig */,
			);
			path = Pods;
			sourceTree = "<group>";
		};
		4D979F591EA8B0E59F28B398 /* Frameworks */ = {
			isa = PBXGroup;
			children = (
				7393F25B661CF5EEDDA14271 /* Pods_dxTimeCapsule.framework */,
			);
			name = Frameworks;
			sourceTree = "<group>";
		};
/* End PBXGroup section */

/* Begin PBXNativeTarget section */
		1F5786D42B849AF800C40B08 /* dxTimeCapsule */ = {
			isa = PBXNativeTarget;
			buildConfigurationList = 1F5786EC2B849AFA00C40B08 /* Build configuration list for PBXNativeTarget "dxTimeCapsule" */;
			buildPhases = (
				AEC96E23F89C05EEB701AE16 /* [CP] Check Pods Manifest.lock */,
				1F5786D12B849AF800C40B08 /* Sources */,
				1F5786D22B849AF800C40B08 /* Frameworks */,
				1F5786D32B849AF800C40B08 /* Resources */,
				7185DF2F9909FE6355740CDF /* [CP] Embed Pods Frameworks */,
			);
			buildRules = (
			);
			dependencies = (
			);
			name = dxTimeCapsule;
			productName = dxTimeCapsule;
			productReference = 1F5786D52B849AF800C40B08 /* dxTimeCapsule.app */;
			productType = "com.apple.product-type.application";
		};
/* End PBXNativeTarget section */

/* Begin PBXProject section */
		1F5786CD2B849AF800C40B08 /* Project object */ = {
			isa = PBXProject;
			attributes = {
				BuildIndependentTargetsInParallel = 1;
				LastSwiftUpdateCheck = 1520;
				LastUpgradeCheck = 1520;
				TargetAttributes = {
					1F5786D42B849AF800C40B08 = {
						CreatedOnToolsVersion = 15.2;
					};
				};
			};
			buildConfigurationList = 1F5786D02B849AF800C40B08 /* Build configuration list for PBXProject "dxTimeCapsule" */;
			compatibilityVersion = "Xcode 14.0";
			developmentRegion = en;
			hasScannedForEncodings = 0;
			knownRegions = (
				en,
				Base,
			);
			mainGroup = 1F5786CC2B849AF800C40B08;
			productRefGroup = 1F5786D62B849AF800C40B08 /* Products */;
			projectDirPath = "";
			projectRoot = "";
			targets = (
				1F5786D42B849AF800C40B08 /* dxTimeCapsule */,
			);
		};
/* End PBXProject section */

/* Begin PBXResourcesBuildPhase section */
		1F5786D32B849AF800C40B08 /* Resources */ = {
			isa = PBXResourcesBuildPhase;
			buildActionMask = 2147483647;
			files = (
				1F5786E82B849AFA00C40B08 /* LaunchScreen.storyboard in Resources */,
				1F5786E52B849AFA00C40B08 /* Assets.xcassets in Resources */,
				1F5787002B84DAC200C40B08 /* GoogleService-Info.plist in Resources */,
			);
			runOnlyForDeploymentPostprocessing = 0;
		};
/* End PBXResourcesBuildPhase section */

/* Begin PBXShellScriptBuildPhase section */
		7185DF2F9909FE6355740CDF /* [CP] Embed Pods Frameworks */ = {
			isa = PBXShellScriptBuildPhase;
			buildActionMask = 2147483647;
			files = (
			);
			inputFileListPaths = (
				"${PODS_ROOT}/Target Support Files/Pods-dxTimeCapsule/Pods-dxTimeCapsule-frameworks-${CONFIGURATION}-input-files.xcfilelist",
			);
			name = "[CP] Embed Pods Frameworks";
			outputFileListPaths = (
				"${PODS_ROOT}/Target Support Files/Pods-dxTimeCapsule/Pods-dxTimeCapsule-frameworks-${CONFIGURATION}-output-files.xcfilelist",
			);
			runOnlyForDeploymentPostprocessing = 0;
			shellPath = /bin/sh;
			shellScript = "\"${PODS_ROOT}/Target Support Files/Pods-dxTimeCapsule/Pods-dxTimeCapsule-frameworks.sh\"\n";
			showEnvVarsInLog = 0;
		};
		AEC96E23F89C05EEB701AE16 /* [CP] Check Pods Manifest.lock */ = {
			isa = PBXShellScriptBuildPhase;
			buildActionMask = 2147483647;
			files = (
			);
			inputFileListPaths = (
			);
			inputPaths = (
				"${PODS_PODFILE_DIR_PATH}/Podfile.lock",
				"${PODS_ROOT}/Manifest.lock",
			);
			name = "[CP] Check Pods Manifest.lock";
			outputFileListPaths = (
			);
			outputPaths = (
				"$(DERIVED_FILE_DIR)/Pods-dxTimeCapsule-checkManifestLockResult.txt",
			);
			runOnlyForDeploymentPostprocessing = 0;
			shellPath = /bin/sh;
			shellScript = "diff \"${PODS_PODFILE_DIR_PATH}/Podfile.lock\" \"${PODS_ROOT}/Manifest.lock\" > /dev/null\nif [ $? != 0 ] ; then\n    # print error to STDERR\n    echo \"error: The sandbox is not in sync with the Podfile.lock. Run 'pod install' or update your CocoaPods installation.\" >&2\n    exit 1\nfi\n# This output is used by Xcode 'outputs' to avoid re-running this script phase.\necho \"SUCCESS\" > \"${SCRIPT_OUTPUT_FILE_0}\"\n";
			showEnvVarsInLog = 0;
		};
/* End PBXShellScriptBuildPhase section */

/* Begin PBXSourcesBuildPhase section */
		1F5786D12B849AF800C40B08 /* Sources */ = {
			isa = PBXSourcesBuildPhase;
			buildActionMask = 2147483647;
			files = (
				1F57870B2B85B48500C40B08 /* FriendListViewController.swift in Sources */,
				1F5786FC2B84D5F200C40B08 /* TimeCapsuleModel.swift in Sources */,
				1F5786F72B849D1E00C40B08 /* MainTabModel.swift in Sources */,
				1F5786D92B849AF800C40B08 /* AppDelegate.swift in Sources */,
				1F5786DB2B849AF800C40B08 /* SceneDelegate.swift in Sources */,
				1F5786FE2B84D69600C40B08 /* TimeCapsuleViewController.swift in Sources */,
				1F5787092B85B47700C40B08 /* HomeViewController.swift in Sources */,
				1F57870F2B85B49900C40B08 /* MyTimeCapsuleViewController.swift in Sources */,
				1F5786F42B849D0900C40B08 /* MainTabView.swift in Sources */,
				1F5786F22B849CA900C40B08 /* MainTabViewController.swift in Sources */,
				1F5787112B85B4AA00C40B08 /* ProfileViewController.swift in Sources */,
				1F5787062B85949100C40B08 /* TimeCapsuleView.swift in Sources */,
				1F57870D2B85B48D00C40B08 /* PostUploadViewController.swift in Sources */,
			);
			runOnlyForDeploymentPostprocessing = 0;
		};
/* End PBXSourcesBuildPhase section */

/* Begin PBXVariantGroup section */
		1F5786E62B849AFA00C40B08 /* LaunchScreen.storyboard */ = {
			isa = PBXVariantGroup;
			children = (
				1F5786E72B849AFA00C40B08 /* Base */,
			);
			name = LaunchScreen.storyboard;
			sourceTree = "<group>";
		};
/* End PBXVariantGroup section */

/* Begin XCBuildConfiguration section */
		1F5786EA2B849AFA00C40B08 /* Debug */ = {
			isa = XCBuildConfiguration;
			buildSettings = {
				ALWAYS_SEARCH_USER_PATHS = NO;
				ASSETCATALOG_COMPILER_GENERATE_SWIFT_ASSET_SYMBOL_EXTENSIONS = YES;
				CLANG_ANALYZER_NONNULL = YES;
				CLANG_ANALYZER_NUMBER_OBJECT_CONVERSION = YES_AGGRESSIVE;
				CLANG_CXX_LANGUAGE_STANDARD = "gnu++20";
				CLANG_ENABLE_MODULES = YES;
				CLANG_ENABLE_OBJC_ARC = YES;
				CLANG_ENABLE_OBJC_WEAK = YES;
				CLANG_WARN_BLOCK_CAPTURE_AUTORELEASING = YES;
				CLANG_WARN_BOOL_CONVERSION = YES;
				CLANG_WARN_COMMA = YES;
				CLANG_WARN_CONSTANT_CONVERSION = YES;
				CLANG_WARN_DEPRECATED_OBJC_IMPLEMENTATIONS = YES;
				CLANG_WARN_DIRECT_OBJC_ISA_USAGE = YES_ERROR;
				CLANG_WARN_DOCUMENTATION_COMMENTS = YES;
				CLANG_WARN_EMPTY_BODY = YES;
				CLANG_WARN_ENUM_CONVERSION = YES;
				CLANG_WARN_INFINITE_RECURSION = YES;
				CLANG_WARN_INT_CONVERSION = YES;
				CLANG_WARN_NON_LITERAL_NULL_CONVERSION = YES;
				CLANG_WARN_OBJC_IMPLICIT_RETAIN_SELF = YES;
				CLANG_WARN_OBJC_LITERAL_CONVERSION = YES;
				CLANG_WARN_OBJC_ROOT_CLASS = YES_ERROR;
				CLANG_WARN_QUOTED_INCLUDE_IN_FRAMEWORK_HEADER = YES;
				CLANG_WARN_RANGE_LOOP_ANALYSIS = YES;
				CLANG_WARN_STRICT_PROTOTYPES = YES;
				CLANG_WARN_SUSPICIOUS_MOVE = YES;
				CLANG_WARN_UNGUARDED_AVAILABILITY = YES_AGGRESSIVE;
				CLANG_WARN_UNREACHABLE_CODE = YES;
				CLANG_WARN__DUPLICATE_METHOD_MATCH = YES;
				COPY_PHASE_STRIP = NO;
				DEBUG_INFORMATION_FORMAT = dwarf;
				ENABLE_STRICT_OBJC_MSGSEND = YES;
				ENABLE_TESTABILITY = YES;
				ENABLE_USER_SCRIPT_SANDBOXING = YES;
				GCC_C_LANGUAGE_STANDARD = gnu17;
				GCC_DYNAMIC_NO_PIC = NO;
				GCC_NO_COMMON_BLOCKS = YES;
				GCC_OPTIMIZATION_LEVEL = 0;
				GCC_PREPROCESSOR_DEFINITIONS = (
					"DEBUG=1",
					"$(inherited)",
				);
				GCC_WARN_64_TO_32_BIT_CONVERSION = YES;
				GCC_WARN_ABOUT_RETURN_TYPE = YES_ERROR;
				GCC_WARN_UNDECLARED_SELECTOR = YES;
				GCC_WARN_UNINITIALIZED_AUTOS = YES_AGGRESSIVE;
				GCC_WARN_UNUSED_FUNCTION = YES;
				GCC_WARN_UNUSED_VARIABLE = YES;
				IPHONEOS_DEPLOYMENT_TARGET = 17.2;
				LOCALIZATION_PREFERS_STRING_CATALOGS = YES;
				MTL_ENABLE_DEBUG_INFO = INCLUDE_SOURCE;
				MTL_FAST_MATH = YES;
				ONLY_ACTIVE_ARCH = YES;
				SDKROOT = iphoneos;
				SWIFT_ACTIVE_COMPILATION_CONDITIONS = "DEBUG $(inherited)";
				SWIFT_OPTIMIZATION_LEVEL = "-Onone";
			};
			name = Debug;
		};
		1F5786EB2B849AFA00C40B08 /* Release */ = {
			isa = XCBuildConfiguration;
			buildSettings = {
				ALWAYS_SEARCH_USER_PATHS = NO;
				ASSETCATALOG_COMPILER_GENERATE_SWIFT_ASSET_SYMBOL_EXTENSIONS = YES;
				CLANG_ANALYZER_NONNULL = YES;
				CLANG_ANALYZER_NUMBER_OBJECT_CONVERSION = YES_AGGRESSIVE;
				CLANG_CXX_LANGUAGE_STANDARD = "gnu++20";
				CLANG_ENABLE_MODULES = YES;
				CLANG_ENABLE_OBJC_ARC = YES;
				CLANG_ENABLE_OBJC_WEAK = YES;
				CLANG_WARN_BLOCK_CAPTURE_AUTORELEASING = YES;
				CLANG_WARN_BOOL_CONVERSION = YES;
				CLANG_WARN_COMMA = YES;
				CLANG_WARN_CONSTANT_CONVERSION = YES;
				CLANG_WARN_DEPRECATED_OBJC_IMPLEMENTATIONS = YES;
				CLANG_WARN_DIRECT_OBJC_ISA_USAGE = YES_ERROR;
				CLANG_WARN_DOCUMENTATION_COMMENTS = YES;
				CLANG_WARN_EMPTY_BODY = YES;
				CLANG_WARN_ENUM_CONVERSION = YES;
				CLANG_WARN_INFINITE_RECURSION = YES;
				CLANG_WARN_INT_CONVERSION = YES;
				CLANG_WARN_NON_LITERAL_NULL_CONVERSION = YES;
				CLANG_WARN_OBJC_IMPLICIT_RETAIN_SELF = YES;
				CLANG_WARN_OBJC_LITERAL_CONVERSION = YES;
				CLANG_WARN_OBJC_ROOT_CLASS = YES_ERROR;
				CLANG_WARN_QUOTED_INCLUDE_IN_FRAMEWORK_HEADER = YES;
				CLANG_WARN_RANGE_LOOP_ANALYSIS = YES;
				CLANG_WARN_STRICT_PROTOTYPES = YES;
				CLANG_WARN_SUSPICIOUS_MOVE = YES;
				CLANG_WARN_UNGUARDED_AVAILABILITY = YES_AGGRESSIVE;
				CLANG_WARN_UNREACHABLE_CODE = YES;
				CLANG_WARN__DUPLICATE_METHOD_MATCH = YES;
				COPY_PHASE_STRIP = NO;
				DEBUG_INFORMATION_FORMAT = "dwarf-with-dsym";
				ENABLE_NS_ASSERTIONS = NO;
				ENABLE_STRICT_OBJC_MSGSEND = YES;
				ENABLE_USER_SCRIPT_SANDBOXING = YES;
				GCC_C_LANGUAGE_STANDARD = gnu17;
				GCC_NO_COMMON_BLOCKS = YES;
				GCC_WARN_64_TO_32_BIT_CONVERSION = YES;
				GCC_WARN_ABOUT_RETURN_TYPE = YES_ERROR;
				GCC_WARN_UNDECLARED_SELECTOR = YES;
				GCC_WARN_UNINITIALIZED_AUTOS = YES_AGGRESSIVE;
				GCC_WARN_UNUSED_FUNCTION = YES;
				GCC_WARN_UNUSED_VARIABLE = YES;
				IPHONEOS_DEPLOYMENT_TARGET = 17.2;
				LOCALIZATION_PREFERS_STRING_CATALOGS = YES;
				MTL_ENABLE_DEBUG_INFO = NO;
				MTL_FAST_MATH = YES;
				SDKROOT = iphoneos;
				SWIFT_COMPILATION_MODE = wholemodule;
				VALIDATE_PRODUCT = YES;
			};
			name = Release;
		};
		1F5786ED2B849AFA00C40B08 /* Debug */ = {
			isa = XCBuildConfiguration;
			baseConfigurationReference = 2E00AB31CA1D86FBB97D9F95 /* Pods-dxTimeCapsule.debug.xcconfig */;
			buildSettings = {
				ASSETCATALOG_COMPILER_APPICON_NAME = AppIcon;
				ASSETCATALOG_COMPILER_GLOBAL_ACCENT_COLOR_NAME = AccentColor;
				CODE_SIGN_STYLE = Automatic;
				CURRENT_PROJECT_VERSION = 1;
				ENABLE_USER_SCRIPT_SANDBOXING = NO;
				GENERATE_INFOPLIST_FILE = YES;
				INFOPLIST_FILE = dxTimeCapsule/Info.plist;
				INFOPLIST_KEY_UIApplicationSupportsIndirectInputEvents = YES;
				INFOPLIST_KEY_UILaunchStoryboardName = LaunchScreen;
				INFOPLIST_KEY_UISupportedInterfaceOrientations_iPad = "UIInterfaceOrientationPortrait UIInterfaceOrientationPortraitUpsideDown UIInterfaceOrientationLandscapeLeft UIInterfaceOrientationLandscapeRight";
				INFOPLIST_KEY_UISupportedInterfaceOrientations_iPhone = "UIInterfaceOrientationPortrait UIInterfaceOrientationLandscapeLeft UIInterfaceOrientationLandscapeRight";
				IPHONEOS_DEPLOYMENT_TARGET = 15.2;
				LD_RUNPATH_SEARCH_PATHS = (
					"$(inherited)",
					"@executable_path/Frameworks",
				);
				MARKETING_VERSION = 1.0;
				PRODUCT_BUNDLE_IDENTIFIER = "NB-dxTeam.dxTimeCapsule";
				PRODUCT_NAME = "$(TARGET_NAME)";
				SWIFT_EMIT_LOC_STRINGS = YES;
				SWIFT_VERSION = 5.0;
				TARGETED_DEVICE_FAMILY = "1,2";
			};
			name = Debug;
		};
		1F5786EE2B849AFA00C40B08 /* Release */ = {
			isa = XCBuildConfiguration;
			baseConfigurationReference = 638BAC997222CF132B3F1215 /* Pods-dxTimeCapsule.release.xcconfig */;
			buildSettings = {
				ASSETCATALOG_COMPILER_APPICON_NAME = AppIcon;
				ASSETCATALOG_COMPILER_GLOBAL_ACCENT_COLOR_NAME = AccentColor;
				CODE_SIGN_STYLE = Automatic;
				CURRENT_PROJECT_VERSION = 1;
				ENABLE_USER_SCRIPT_SANDBOXING = NO;
				GENERATE_INFOPLIST_FILE = YES;
				INFOPLIST_FILE = dxTimeCapsule/Info.plist;
				INFOPLIST_KEY_UIApplicationSupportsIndirectInputEvents = YES;
				INFOPLIST_KEY_UILaunchStoryboardName = LaunchScreen;
				INFOPLIST_KEY_UISupportedInterfaceOrientations_iPad = "UIInterfaceOrientationPortrait UIInterfaceOrientationPortraitUpsideDown UIInterfaceOrientationLandscapeLeft UIInterfaceOrientationLandscapeRight";
				INFOPLIST_KEY_UISupportedInterfaceOrientations_iPhone = "UIInterfaceOrientationPortrait UIInterfaceOrientationLandscapeLeft UIInterfaceOrientationLandscapeRight";
				IPHONEOS_DEPLOYMENT_TARGET = 15.2;
				LD_RUNPATH_SEARCH_PATHS = (
					"$(inherited)",
					"@executable_path/Frameworks",
				);
				MARKETING_VERSION = 1.0;
				PRODUCT_BUNDLE_IDENTIFIER = "NB-dxTeam.dxTimeCapsule";
				PRODUCT_NAME = "$(TARGET_NAME)";
				SWIFT_EMIT_LOC_STRINGS = YES;
				SWIFT_VERSION = 5.0;
				TARGETED_DEVICE_FAMILY = "1,2";
			};
			name = Release;
		};
/* End XCBuildConfiguration section */

/* Begin XCConfigurationList section */
		1F5786D02B849AF800C40B08 /* Build configuration list for PBXProject "dxTimeCapsule" */ = {
			isa = XCConfigurationList;
			buildConfigurations = (
				1F5786EA2B849AFA00C40B08 /* Debug */,
				1F5786EB2B849AFA00C40B08 /* Release */,
			);
			defaultConfigurationIsVisible = 0;
			defaultConfigurationName = Release;
		};
		1F5786EC2B849AFA00C40B08 /* Build configuration list for PBXNativeTarget "dxTimeCapsule" */ = {
			isa = XCConfigurationList;
			buildConfigurations = (
				1F5786ED2B849AFA00C40B08 /* Debug */,
				1F5786EE2B849AFA00C40B08 /* Release */,
			);
			defaultConfigurationIsVisible = 0;
			defaultConfigurationName = Release;
		};
/* End XCConfigurationList section */
	};
	rootObject = 1F5786CD2B849AF800C40B08 /* Project object */;
}
